// !$*UTF8*$!
{
	archiveVersion = 1;
	classes = {
	};
	objectVersion = 46;
	objects = {

/* Begin PBXBuildFile section */
		294090C11A16D1BA00386E3A /* Failure.cpp in Sources */ = {isa = PBXBuildFile; fileRef = 294090B71A16D1BA00386E3A /* Failure.cpp */; };
		294090C21A16D1BA00386E3A /* Failure.h in Headers */ = {isa = PBXBuildFile; fileRef = 294090B81A16D1BA00386E3A /* Failure.h */; };
		294090C31A16D1BA00386E3A /* Test.cpp in Sources */ = {isa = PBXBuildFile; fileRef = 294090B91A16D1BA00386E3A /* Test.cpp */; };
		294090C41A16D1BA00386E3A /* Test.h in Headers */ = {isa = PBXBuildFile; fileRef = 294090BA1A16D1BA00386E3A /* Test.h */; };
		294090C51A16D1BA00386E3A /* TestHarness.h in Headers */ = {isa = PBXBuildFile; fileRef = 294090BB1A16D1BA00386E3A /* TestHarness.h */; };
		294090C61A16D1BA00386E3A /* TestRegistry.cpp in Sources */ = {isa = PBXBuildFile; fileRef = 294090BC1A16D1BA00386E3A /* TestRegistry.cpp */; };
		294090C71A16D1BA00386E3A /* TestRegistry.h in Headers */ = {isa = PBXBuildFile; fileRef = 294090BD1A16D1BA00386E3A /* TestRegistry.h */; };
		294090C81A16D1BA00386E3A /* TestResult.cpp in Sources */ = {isa = PBXBuildFile; fileRef = 294090BE1A16D1BA00386E3A /* TestResult.cpp */; };
		294090C91A16D1BA00386E3A /* TestResult.h in Headers */ = {isa = PBXBuildFile; fileRef = 294090BF1A16D1BA00386E3A /* TestResult.h */; };
		294090CA1A16D1BA00386E3A /* TestSelector.h in Headers */ = {isa = PBXBuildFile; fileRef = 294090C01A16D1BA00386E3A /* TestSelector.h */; };
/* End PBXBuildFile section */

/* Begin PBXFileReference section */
		294090B01A16D19B00386E3A /* libCppUnitLite.a */ = {isa = PBXFileReference; explicitFileType = archive.ar; includeInIndex = 0; path = libCppUnitLite.a; sourceTree = BUILT_PRODUCTS_DIR; };
		294090B71A16D1BA00386E3A /* Failure.cpp */ = {isa = PBXFileReference; fileEncoding = 4; lastKnownFileType = sourcecode.cpp.cpp; path = Failure.cpp; sourceTree = "<group>"; };
		294090B81A16D1BA00386E3A /* Failure.h */ = {isa = PBXFileReference; fileEncoding = 4; lastKnownFileType = sourcecode.c.h; path = Failure.h; sourceTree = "<group>"; };
		294090B91A16D1BA00386E3A /* Test.cpp */ = {isa = PBXFileReference; fileEncoding = 4; lastKnownFileType = sourcecode.cpp.cpp; path = Test.cpp; sourceTree = "<group>"; };
		294090BA1A16D1BA00386E3A /* Test.h */ = {isa = PBXFileReference; fileEncoding = 4; lastKnownFileType = sourcecode.c.h; path = Test.h; sourceTree = "<group>"; };
		294090BB1A16D1BA00386E3A /* TestHarness.h */ = {isa = PBXFileReference; fileEncoding = 4; lastKnownFileType = sourcecode.c.h; path = TestHarness.h; sourceTree = "<group>"; };
		294090BC1A16D1BA00386E3A /* TestRegistry.cpp */ = {isa = PBXFileReference; fileEncoding = 4; lastKnownFileType = sourcecode.cpp.cpp; path = TestRegistry.cpp; sourceTree = "<group>"; };
		294090BD1A16D1BA00386E3A /* TestRegistry.h */ = {isa = PBXFileReference; fileEncoding = 4; lastKnownFileType = sourcecode.c.h; path = TestRegistry.h; sourceTree = "<group>"; };
		294090BE1A16D1BA00386E3A /* TestResult.cpp */ = {isa = PBXFileReference; fileEncoding = 4; lastKnownFileType = sourcecode.cpp.cpp; path = TestResult.cpp; sourceTree = "<group>"; };
		294090BF1A16D1BA00386E3A /* TestResult.h */ = {isa = PBXFileReference; fileEncoding = 4; lastKnownFileType = sourcecode.c.h; path = TestResult.h; sourceTree = "<group>"; };
		294090C01A16D1BA00386E3A /* TestSelector.h */ = {isa = PBXFileReference; fileEncoding = 4; lastKnownFileType = sourcecode.c.h; path = TestSelector.h; sourceTree = "<group>"; };
/* End PBXFileReference section */

/* Begin PBXFrameworksBuildPhase section */
		294090AD1A16D19B00386E3A /* Frameworks */ = {
			isa = PBXFrameworksBuildPhase;
			buildActionMask = 2147483647;
			files = (
			);
			runOnlyForDeploymentPostprocessing = 0;
		};
/* End PBXFrameworksBuildPhase section */

/* Begin PBXGroup section */
		294090A71A16D19B00386E3A = {
			isa = PBXGroup;
			children = (
				294090B71A16D1BA00386E3A /* Failure.cpp */,
				294090B81A16D1BA00386E3A /* Failure.h */,
				294090B91A16D1BA00386E3A /* Test.cpp */,
				294090BA1A16D1BA00386E3A /* Test.h */,
				294090BB1A16D1BA00386E3A /* TestHarness.h */,
				294090BC1A16D1BA00386E3A /* TestRegistry.cpp */,
				294090BD1A16D1BA00386E3A /* TestRegistry.h */,
				294090BE1A16D1BA00386E3A /* TestResult.cpp */,
				294090BF1A16D1BA00386E3A /* TestResult.h */,
				294090C01A16D1BA00386E3A /* TestSelector.h */,
				294090B11A16D19B00386E3A /* Products */,
			);
			sourceTree = "<group>";
		};
		294090B11A16D19B00386E3A /* Products */ = {
			isa = PBXGroup;
			children = (
				294090B01A16D19B00386E3A /* libCppUnitLite.a */,
			);
			name = Products;
			sourceTree = "<group>";
		};
/* End PBXGroup section */

/* Begin PBXHeadersBuildPhase section */
		294090AE1A16D19B00386E3A /* Headers */ = {
			isa = PBXHeadersBuildPhase;
			buildActionMask = 2147483647;
			files = (
				294090C91A16D1BA00386E3A /* TestResult.h in Headers */,
				294090CA1A16D1BA00386E3A /* TestSelector.h in Headers */,
				294090C51A16D1BA00386E3A /* TestHarness.h in Headers */,
				294090C71A16D1BA00386E3A /* TestRegistry.h in Headers */,
				294090C41A16D1BA00386E3A /* Test.h in Headers */,
				294090C21A16D1BA00386E3A /* Failure.h in Headers */,
			);
			runOnlyForDeploymentPostprocessing = 0;
		};
/* End PBXHeadersBuildPhase section */

/* Begin PBXNativeTarget section */
		294090AF1A16D19B00386E3A /* CppUnitLite */ = {
			isa = PBXNativeTarget;
			buildConfigurationList = 294090B41A16D19B00386E3A /* Build configuration list for PBXNativeTarget "CppUnitLite" */;
			buildPhases = (
				294090AC1A16D19B00386E3A /* Sources */,
				294090AD1A16D19B00386E3A /* Frameworks */,
				294090AE1A16D19B00386E3A /* Headers */,
			);
			buildRules = (
			);
			dependencies = (
			);
			name = CppUnitLite;
			productName = CppUnitLite;
			productReference = 294090B01A16D19B00386E3A /* libCppUnitLite.a */;
			productType = "com.apple.product-type.library.static";
		};
/* End PBXNativeTarget section */

/* Begin PBXProject section */
		294090A81A16D19B00386E3A /* Project object */ = {
			isa = PBXProject;
			attributes = {
				LastUpgradeCheck = 0510;
				ORGANIZATIONNAME = "Matthew James Briggs";
			};
			buildConfigurationList = 294090AB1A16D19B00386E3A /* Build configuration list for PBXProject "CppUnitLite" */;
			compatibilityVersion = "Xcode 3.2";
			developmentRegion = English;
			hasScannedForEncodings = 0;
			knownRegions = (
				en,
			);
			mainGroup = 294090A71A16D19B00386E3A;
			productRefGroup = 294090B11A16D19B00386E3A /* Products */;
			projectDirPath = "";
			projectRoot = "";
			targets = (
				294090AF1A16D19B00386E3A /* CppUnitLite */,
			);
		};
/* End PBXProject section */

/* Begin PBXSourcesBuildPhase section */
		294090AC1A16D19B00386E3A /* Sources */ = {
			isa = PBXSourcesBuildPhase;
			buildActionMask = 2147483647;
			files = (
				294090C11A16D1BA00386E3A /* Failure.cpp in Sources */,
				294090C31A16D1BA00386E3A /* Test.cpp in Sources */,
				294090C81A16D1BA00386E3A /* TestResult.cpp in Sources */,
				294090C61A16D1BA00386E3A /* TestRegistry.cpp in Sources */,
			);
			runOnlyForDeploymentPostprocessing = 0;
		};
/* End PBXSourcesBuildPhase section */

/* Begin XCBuildConfiguration section */
		294090B21A16D19B00386E3A /* Debug */ = {
			isa = XCBuildConfiguration;
			buildSettings = {
				ALWAYS_SEARCH_USER_PATHS = NO;
				CLANG_CXX_LANGUAGE_STANDARD = "gnu++0x";
				CLANG_CXX_LIBRARY = "libc++";
				CLANG_ENABLE_MODULES = YES;
				CLANG_ENABLE_OBJC_ARC = YES;
				CLANG_WARN_BOOL_CONVERSION = YES;
				CLANG_WARN_CONSTANT_CONVERSION = YES;
				CLANG_WARN_DIRECT_OBJC_ISA_USAGE = YES_ERROR;
				CLANG_WARN_EMPTY_BODY = YES;
				CLANG_WARN_ENUM_CONVERSION = YES;
				CLANG_WARN_INT_CONVERSION = YES;
				CLANG_WARN_OBJC_ROOT_CLASS = YES_ERROR;
				CLANG_WARN__DUPLICATE_METHOD_MATCH = YES;
				COPY_PHASE_STRIP = NO;
				GCC_C_LANGUAGE_STANDARD = gnu99;
				GCC_DYNAMIC_NO_PIC = NO;
				GCC_ENABLE_OBJC_EXCEPTIONS = YES;
				GCC_OPTIMIZATION_LEVEL = 0;
				GCC_PREPROCESSOR_DEFINITIONS = (
					"DEBUG=1",
					"$(inherited)",
				);
				GCC_SYMBOLS_PRIVATE_EXTERN = NO;
				GCC_WARN_64_TO_32_BIT_CONVERSION = YES;
				GCC_WARN_ABOUT_RETURN_TYPE = YES_ERROR;
				GCC_WARN_UNDECLARED_SELECTOR = YES;
				GCC_WARN_UNINITIALIZED_AUTOS = YES_AGGRESSIVE;
				GCC_WARN_UNUSED_FUNCTION = YES;
				GCC_WARN_UNUSED_VARIABLE = YES;
				MACOSX_DEPLOYMENT_TARGET = 10.9;
				ONLY_ACTIVE_ARCH = YES;
				SDKROOT = macosx;
			};
			name = Debug;
		};
		294090B31A16D19B00386E3A /* Release */ = {
			isa = XCBuildConfiguration;
			buildSettings = {
				ALWAYS_SEARCH_USER_PATHS = NO;
				CLANG_CXX_LANGUAGE_STANDARD = "gnu++0x";
				CLANG_CXX_LIBRARY = "libc++";
				CLANG_ENABLE_MODULES = YES;
				CLANG_ENABLE_OBJC_ARC = YES;
				CLANG_WARN_BOOL_CONVERSION = YES;
				CLANG_WARN_CONSTANT_CONVERSION = YES;
				CLANG_WARN_DIRECT_OBJC_ISA_USAGE = YES_ERROR;
				CLANG_WARN_EMPTY_BODY = YES;
				CLANG_WARN_ENUM_CONVERSION = YES;
				CLANG_WARN_INT_CONVERSION = YES;
				CLANG_WARN_OBJC_ROOT_CLASS = YES_ERROR;
				CLANG_WARN__DUPLICATE_METHOD_MATCH = YES;
				COPY_PHASE_STRIP = YES;
				DEBUG_INFORMATION_FORMAT = "dwarf-with-dsym";
				ENABLE_NS_ASSERTIONS = NO;
				GCC_C_LANGUAGE_STANDARD = gnu99;
				GCC_ENABLE_OBJC_EXCEPTIONS = YES;
				GCC_WARN_64_TO_32_BIT_CONVERSION = YES;
				GCC_WARN_ABOUT_RETURN_TYPE = YES_ERROR;
				GCC_WARN_UNDECLARED_SELECTOR = YES;
				GCC_WARN_UNINITIALIZED_AUTOS = YES_AGGRESSIVE;
				GCC_WARN_UNUSED_FUNCTION = YES;
				GCC_WARN_UNUSED_VARIABLE = YES;
				MACOSX_DEPLOYMENT_TARGET = 10.9;
				SDKROOT = macosx;
			};
			name = Release;
		};
		294090B51A16D19B00386E3A /* Debug */ = {
			isa = XCBuildConfiguration;
			buildSettings = {
				EXECUTABLE_PREFIX = lib;
				PRODUCT_NAME = "$(TARGET_NAME)";
			};
			name = Debug;
		};
		294090B61A16D19B00386E3A /* Release */ = {
			isa = XCBuildConfiguration;
			buildSettings = {
				EXECUTABLE_PREFIX = lib;
				PRODUCT_NAME = "$(TARGET_NAME)";
			};
			name = Release;
		};
/* End XCBuildConfiguration section */

/* Begin XCConfigurationList section */
		294090AB1A16D19B00386E3A /* Build configuration list for PBXProject "CppUnitLite" */ = {
			isa = XCConfigurationList;
			buildConfigurations = (
				294090B21A16D19B00386E3A /* Debug */,
				294090B31A16D19B00386E3A /* Release */,
			);
			defaultConfigurationIsVisible = 0;
			defaultConfigurationName = Release;
		};
		294090B41A16D19B00386E3A /* Build configuration list for PBXNativeTarget "CppUnitLite" */ = {
			isa = XCConfigurationList;
			buildConfigurations = (
				294090B51A16D19B00386E3A /* Debug */,
				294090B61A16D19B00386E3A /* Release */,
			);
			defaultConfigurationIsVisible = 0;
		};
/* End XCConfigurationList section */
	};
	rootObject = 294090A81A16D19B00386E3A /* Project object */;
}
