// !$*UTF8*$!
{
	archiveVersion = 1;
	classes = {
	};
	objectVersion = 46;
	objects = {

/* Begin PBXBuildFile section */
		290D7C0D1AA38F9C0081FBB5 /* NumberOrNormal.cpp in Sources */ = {isa = PBXBuildFile; fileRef = 290D7C0B1AA38F9C0081FBB5 /* NumberOrNormal.cpp */; };
		290D7C141AA3941C0081FBB5 /* PositiveIntegerOrEmptyTest.cpp in Sources */ = {isa = PBXBuildFile; fileRef = 290D7C121AA3941C0081FBB5 /* PositiveIntegerOrEmptyTest.cpp */; };
		292D12711AA2A3270079EF22 /* YesNoNumber.cpp in Sources */ = {isa = PBXBuildFile; fileRef = 292D126F1AA2A3270079EF22 /* YesNoNumber.cpp */; };
		292D12781AA2A7260079EF22 /* DateTest.cpp in Sources */ = {isa = PBXBuildFile; fileRef = 292D12761AA2A7260079EF22 /* DateTest.cpp */; };
		2939CD431AA2999500556D00 /* FontSizeTest.cpp in Sources */ = {isa = PBXBuildFile; fileRef = 2939CD411AA2999500556D00 /* FontSizeTest.cpp */; };
		295F2BDD1AA59BA900C8AEB6 /* DynamicsTest.cpp in Sources */ = {isa = PBXBuildFile; fileRef = 295F2BDB1AA59BA900C8AEB6 /* DynamicsTest.cpp */; };
		297597E31AACF9930055E101 /* AccidentalTextTest.cpp in Sources */ = {isa = PBXBuildFile; fileRef = 297597E11AACF9930055E101 /* AccidentalTextTest.cpp */; };
		298B45ED1A9B942A0014CAED /* main.cpp in Sources */ = {isa = PBXBuildFile; fileRef = 298B45EC1A9B942A0014CAED /* main.cpp */; };
		298B45FB1A9B948E0014CAED /* libMx.a in Frameworks */ = {isa = PBXBuildFile; fileRef = 298B45FA1A9B948E0014CAED /* libMx.a */; };
		298B45FD1A9B94910014CAED /* libCppUnitLite.a in Frameworks */ = {isa = PBXBuildFile; fileRef = 298B45FC1A9B94910014CAED /* libCppUnitLite.a */; };
		29AFECAB1A9CED26008516EF /* IntegersTest.cpp in Sources */ = {isa = PBXBuildFile; fileRef = 29AFECA91A9CED26008516EF /* IntegersTest.cpp */; };
		29C0B9641AAE91D9004F86FA /* AccidentalMarkTest.cpp in Sources */ = {isa = PBXBuildFile; fileRef = 29C0B9621AAE91D9004F86FA /* AccidentalMarkTest.cpp */; };
		29C0B9651AAE91D9004F86FA /* AccidentalTest.cpp in Sources */ = {isa = PBXBuildFile; fileRef = 29C0B9631AAE91D9004F86FA /* AccidentalTest.cpp */; };
		29C0B96C1AAE9209004F86FA /* BarStyleTest.cpp in Sources */ = {isa = PBXBuildFile; fileRef = 29C0B9661AAE9209004F86FA /* BarStyleTest.cpp */; };
		29C0B96D1AAE9209004F86FA /* BassAlterTest.cpp in Sources */ = {isa = PBXBuildFile; fileRef = 29C0B9671AAE9209004F86FA /* BassAlterTest.cpp */; };
		29C0B96E1AAE9209004F86FA /* BassStepTest.cpp in Sources */ = {isa = PBXBuildFile; fileRef = 29C0B9681AAE9209004F86FA /* BassStepTest.cpp */; };
		29C0B96F1AAE9209004F86FA /* BeamTest.cpp in Sources */ = {isa = PBXBuildFile; fileRef = 29C0B9691AAE9209004F86FA /* BeamTest.cpp */; };
		29C0B9701AAE9209004F86FA /* BeaterTest.cpp in Sources */ = {isa = PBXBuildFile; fileRef = 29C0B96A1AAE9209004F86FA /* BeaterTest.cpp */; };
		29C0B9711AAE9209004F86FA /* BreathMarkTest.cpp in Sources */ = {isa = PBXBuildFile; fileRef = 29C0B96B1AAE9209004F86FA /* BreathMarkTest.cpp */; };
		29C0B9791AAE9337004F86FA /* CancelTest.cpp in Sources */ = {isa = PBXBuildFile; fileRef = 29C0B9721AAE9337004F86FA /* CancelTest.cpp */; };
		29C0B97A1AAE9337004F86FA /* CreatorTest.cpp in Sources */ = {isa = PBXBuildFile; fileRef = 29C0B9731AAE9337004F86FA /* CreatorTest.cpp */; };
		29C0B97B1AAE9337004F86FA /* CreditWordsTest.cpp in Sources */ = {isa = PBXBuildFile; fileRef = 29C0B9741AAE9337004F86FA /* CreditWordsTest.cpp */; };
		29C0B97C1AAE9337004F86FA /* DegreeAlterTest.cpp in Sources */ = {isa = PBXBuildFile; fileRef = 29C0B9751AAE9337004F86FA /* DegreeAlterTest.cpp */; };
		29C0B97D1AAE9337004F86FA /* DegreeTypeTest.cpp in Sources */ = {isa = PBXBuildFile; fileRef = 29C0B9761AAE9337004F86FA /* DegreeTypeTest.cpp */; };
		29C0B97E1AAE9337004F86FA /* DegreeValueTest.cpp in Sources */ = {isa = PBXBuildFile; fileRef = 29C0B9771AAE9337004F86FA /* DegreeValueTest.cpp */; };
		29C0B97F1AAE9337004F86FA /* DistanceTest.cpp in Sources */ = {isa = PBXBuildFile; fileRef = 29C0B9781AAE9337004F86FA /* DistanceTest.cpp */; };
		29C0B9C01AAE9398004F86FA /* ElisionTest.cpp in Sources */ = {isa = PBXBuildFile; fileRef = 29C0B9801AAE9398004F86FA /* ElisionTest.cpp */; };
		29C0B9C11AAE9398004F86FA /* EncoderTest.cpp in Sources */ = {isa = PBXBuildFile; fileRef = 29C0B9811AAE9398004F86FA /* EncoderTest.cpp */; };
		29C0B9C21AAE9398004F86FA /* EndingTest.cpp in Sources */ = {isa = PBXBuildFile; fileRef = 29C0B9821AAE9398004F86FA /* EndingTest.cpp */; };
		29C0B9C31AAE9398004F86FA /* FeatureTest.cpp in Sources */ = {isa = PBXBuildFile; fileRef = 29C0B9831AAE9398004F86FA /* FeatureTest.cpp */; };
		29C0B9C41AAE9398004F86FA /* FermataTest.cpp in Sources */ = {isa = PBXBuildFile; fileRef = 29C0B9841AAE9398004F86FA /* FermataTest.cpp */; };
		29C0B9C51AAE9398004F86FA /* FigureNumberTest.cpp in Sources */ = {isa = PBXBuildFile; fileRef = 29C0B9851AAE9398004F86FA /* FigureNumberTest.cpp */; };
		29C0B9C61AAE9398004F86FA /* FingeringTest.cpp in Sources */ = {isa = PBXBuildFile; fileRef = 29C0B9861AAE9398004F86FA /* FingeringTest.cpp */; };
		29C0B9C71AAE9398004F86FA /* FirstFretTest.cpp in Sources */ = {isa = PBXBuildFile; fileRef = 29C0B9871AAE9398004F86FA /* FirstFretTest.cpp */; };
		29C0B9C81AAE9398004F86FA /* FootnoteTest.cpp in Sources */ = {isa = PBXBuildFile; fileRef = 29C0B9881AAE9398004F86FA /* FootnoteTest.cpp */; };
		29C0B9C91AAE9398004F86FA /* FretTest.cpp in Sources */ = {isa = PBXBuildFile; fileRef = 29C0B9891AAE9398004F86FA /* FretTest.cpp */; };
		29C0B9CA1AAE9398004F86FA /* FunctionTest.cpp in Sources */ = {isa = PBXBuildFile; fileRef = 29C0B98A1AAE9398004F86FA /* FunctionTest.cpp */; };
		29C0B9CB1AAE9398004F86FA /* GlissandoTest.cpp in Sources */ = {isa = PBXBuildFile; fileRef = 29C0B98B1AAE9398004F86FA /* GlissandoTest.cpp */; };
		29C0B9CC1AAE9398004F86FA /* GroupAbbreviationTest.cpp in Sources */ = {isa = PBXBuildFile; fileRef = 29C0B98C1AAE9398004F86FA /* GroupAbbreviationTest.cpp */; };
		29C0B9CD1AAE9398004F86FA /* GroupBarlineTest.cpp in Sources */ = {isa = PBXBuildFile; fileRef = 29C0B98D1AAE9398004F86FA /* GroupBarlineTest.cpp */; };
		29C0B9CE1AAE9398004F86FA /* GroupNameTest.cpp in Sources */ = {isa = PBXBuildFile; fileRef = 29C0B98E1AAE9398004F86FA /* GroupNameTest.cpp */; };
		29C0B9CF1AAE9398004F86FA /* GroupSymbolTest.cpp in Sources */ = {isa = PBXBuildFile; fileRef = 29C0B98F1AAE9398004F86FA /* GroupSymbolTest.cpp */; };
		29C0B9D01AAE9398004F86FA /* HammerOnTest.cpp in Sources */ = {isa = PBXBuildFile; fileRef = 29C0B9901AAE9398004F86FA /* HammerOnTest.cpp */; };
		29C0B9D11AAE9398004F86FA /* HandbellTest.cpp in Sources */ = {isa = PBXBuildFile; fileRef = 29C0B9911AAE9398004F86FA /* HandbellTest.cpp */; };
		29C0B9D21AAE9398004F86FA /* HoleClosedTest.cpp in Sources */ = {isa = PBXBuildFile; fileRef = 29C0B9921AAE9398004F86FA /* HoleClosedTest.cpp */; };
		29C0B9D31AAE9398004F86FA /* InversionTest.cpp in Sources */ = {isa = PBXBuildFile; fileRef = 29C0B9931AAE9398004F86FA /* InversionTest.cpp */; };
		29C0B9D41AAE9398004F86FA /* KeyOctaveTest.cpp in Sources */ = {isa = PBXBuildFile; fileRef = 29C0B9941AAE9398004F86FA /* KeyOctaveTest.cpp */; };
		29C0B9D51AAE9398004F86FA /* KindTest.cpp in Sources */ = {isa = PBXBuildFile; fileRef = 29C0B9951AAE9398004F86FA /* KindTest.cpp */; };
		29C0B9D61AAE9398004F86FA /* LevelTest.cpp in Sources */ = {isa = PBXBuildFile; fileRef = 29C0B9961AAE9398004F86FA /* LevelTest.cpp */; };
		29C0B9D71AAE9398004F86FA /* LineWidthTest.cpp in Sources */ = {isa = PBXBuildFile; fileRef = 29C0B9971AAE9398004F86FA /* LineWidthTest.cpp */; };
		29C0B9D81AAE9398004F86FA /* MeasureNumberingTest.cpp in Sources */ = {isa = PBXBuildFile; fileRef = 29C0B9981AAE9398004F86FA /* MeasureNumberingTest.cpp */; };
		29C0B9D91AAE9398004F86FA /* MeasureRepeatTest.cpp in Sources */ = {isa = PBXBuildFile; fileRef = 29C0B9991AAE9398004F86FA /* MeasureRepeatTest.cpp */; };
		29C0B9DA1AAE9398004F86FA /* MetronomeBeamTest.cpp in Sources */ = {isa = PBXBuildFile; fileRef = 29C0B99A1AAE9398004F86FA /* MetronomeBeamTest.cpp */; };
		29C0B9DB1AAE9398004F86FA /* MidiDeviceTest.cpp in Sources */ = {isa = PBXBuildFile; fileRef = 29C0B99B1AAE9398004F86FA /* MidiDeviceTest.cpp */; };
		29C0B9DC1AAE9398004F86FA /* MiscellaneousFieldTest.cpp in Sources */ = {isa = PBXBuildFile; fileRef = 29C0B99C1AAE9398004F86FA /* MiscellaneousFieldTest.cpp */; };
		29C0B9DD1AAE9398004F86FA /* MultipleRestTest.cpp in Sources */ = {isa = PBXBuildFile; fileRef = 29C0B99D1AAE9398004F86FA /* MultipleRestTest.cpp */; };
		29C0B9DE1AAE9398004F86FA /* NoteheadTest.cpp in Sources */ = {isa = PBXBuildFile; fileRef = 29C0B99E1AAE9398004F86FA /* NoteheadTest.cpp */; };
		29C0B9DF1AAE9398004F86FA /* NoteSizeTest.cpp in Sources */ = {isa = PBXBuildFile; fileRef = 29C0B99F1AAE9398004F86FA /* NoteSizeTest.cpp */; };
		29C0B9E01AAE9398004F86FA /* OffsetTest.cpp in Sources */ = {isa = PBXBuildFile; fileRef = 29C0B9A01AAE9398004F86FA /* OffsetTest.cpp */; };
		29C0B9E11AAE9398004F86FA /* OtherAppearanceTest.cpp in Sources */ = {isa = PBXBuildFile; fileRef = 29C0B9A11AAE9398004F86FA /* OtherAppearanceTest.cpp */; };
		29C0B9E21AAE9398004F86FA /* OtherArticulationTest.cpp in Sources */ = {isa = PBXBuildFile; fileRef = 29C0B9A21AAE9398004F86FA /* OtherArticulationTest.cpp */; };
		29C0B9E31AAE9398004F86FA /* OtherDirectionTest.cpp in Sources */ = {isa = PBXBuildFile; fileRef = 29C0B9A31AAE9398004F86FA /* OtherDirectionTest.cpp */; };
		29C0B9E41AAE9398004F86FA /* OtherNotationTest.cpp in Sources */ = {isa = PBXBuildFile; fileRef = 29C0B9A41AAE9398004F86FA /* OtherNotationTest.cpp */; };
		29C0B9E51AAE9398004F86FA /* OtherOrnamentTest.cpp in Sources */ = {isa = PBXBuildFile; fileRef = 29C0B9A51AAE9398004F86FA /* OtherOrnamentTest.cpp */; };
		29C0B9E61AAE9398004F86FA /* OtherPlayTest.cpp in Sources */ = {isa = PBXBuildFile; fileRef = 29C0B9A61AAE9398004F86FA /* OtherPlayTest.cpp */; };
		29C0B9E71AAE9398004F86FA /* OtherTechnicalTest.cpp in Sources */ = {isa = PBXBuildFile; fileRef = 29C0B9A71AAE9398004F86FA /* OtherTechnicalTest.cpp */; };
		29C0B9E81AAE9398004F86FA /* PartAbbreviationTest.cpp in Sources */ = {isa = PBXBuildFile; fileRef = 29C0B9A81AAE9398004F86FA /* PartAbbreviationTest.cpp */; };
		29C0B9E91AAE9398004F86FA /* PartNameTest.cpp in Sources */ = {isa = PBXBuildFile; fileRef = 29C0B9A91AAE9398004F86FA /* PartNameTest.cpp */; };
		29C0B9EA1AAE9398004F86FA /* PartSymbolTest.cpp in Sources */ = {isa = PBXBuildFile; fileRef = 29C0B9AA1AAE9398004F86FA /* PartSymbolTest.cpp */; };
		29C0B9EB1AAE9398004F86FA /* PerMinuteTest.cpp in Sources */ = {isa = PBXBuildFile; fileRef = 29C0B9AB1AAE9398004F86FA /* PerMinuteTest.cpp */; };
		29C0B9EC1AAE9398004F86FA /* PluckTest.cpp in Sources */ = {isa = PBXBuildFile; fileRef = 29C0B9AC1AAE9398004F86FA /* PluckTest.cpp */; };
		29C0B9ED1AAE9398004F86FA /* PrefixTest.cpp in Sources */ = {isa = PBXBuildFile; fileRef = 29C0B9AD1AAE9398004F86FA /* PrefixTest.cpp */; };
		29C0B9EE1AAE9398004F86FA /* PrincipalVoiceTest.cpp in Sources */ = {isa = PBXBuildFile; fileRef = 29C0B9AE1AAE9398004F86FA /* PrincipalVoiceTest.cpp */; };
		29C0B9EF1AAE9398004F86FA /* PullOffTest.cpp in Sources */ = {isa = PBXBuildFile; fileRef = 29C0B9AF1AAE9398004F86FA /* PullOffTest.cpp */; };
		29C0B9F01AAE9398004F86FA /* RehearsalTest.cpp in Sources */ = {isa = PBXBuildFile; fileRef = 29C0B9B01AAE9398004F86FA /* RehearsalTest.cpp */; };
		29C0B9F11AAE9398004F86FA /* RelationTest.cpp in Sources */ = {isa = PBXBuildFile; fileRef = 29C0B9B11AAE9398004F86FA /* RelationTest.cpp */; };
		29C0B9F21AAE9398004F86FA /* RightsTest.cpp in Sources */ = {isa = PBXBuildFile; fileRef = 29C0B9B21AAE9398004F86FA /* RightsTest.cpp */; };
		29C0B9F31AAE9398004F86FA /* RootAlterTest.cpp in Sources */ = {isa = PBXBuildFile; fileRef = 29C0B9B31AAE9398004F86FA /* RootAlterTest.cpp */; };
		29C0B9F41AAE9398004F86FA /* RootStepTest.cpp in Sources */ = {isa = PBXBuildFile; fileRef = 29C0B9B41AAE9398004F86FA /* RootStepTest.cpp */; };
		29C0B9F51AAE9398004F86FA /* SlideTest.cpp in Sources */ = {isa = PBXBuildFile; fileRef = 29C0B9B51AAE9398004F86FA /* SlideTest.cpp */; };
		29C0B9F61AAE9398004F86FA /* StemTest.cpp in Sources */ = {isa = PBXBuildFile; fileRef = 29C0B9B61AAE9398004F86FA /* StemTest.cpp */; };
		29C0B9F71AAE9398004F86FA /* SuffixTest.cpp in Sources */ = {isa = PBXBuildFile; fileRef = 29C0B9B71AAE9398004F86FA /* SuffixTest.cpp */; };
		29C0B9F81AAE9398004F86FA /* TapTest.cpp in Sources */ = {isa = PBXBuildFile; fileRef = 29C0B9B81AAE9398004F86FA /* TapTest.cpp */; };
		29C0B9F91AAE9398004F86FA /* TextTest.cpp in Sources */ = {isa = PBXBuildFile; fileRef = 29C0B9B91AAE9398004F86FA /* TextTest.cpp */; };
		29C0B9FA1AAE9398004F86FA /* TremoloTest.cpp in Sources */ = {isa = PBXBuildFile; fileRef = 29C0B9BA1AAE9398004F86FA /* TremoloTest.cpp */; };
		29C0B9FB1AAE9398004F86FA /* TupletNumberTest.cpp in Sources */ = {isa = PBXBuildFile; fileRef = 29C0B9BB1AAE9398004F86FA /* TupletNumberTest.cpp */; };
		29C0B9FC1AAE9398004F86FA /* TupletTypeTest.cpp in Sources */ = {isa = PBXBuildFile; fileRef = 29C0B9BC1AAE9398004F86FA /* TupletTypeTest.cpp */; };
		29C0B9FD1AAE9398004F86FA /* TypeTest.cpp in Sources */ = {isa = PBXBuildFile; fileRef = 29C0B9BD1AAE9398004F86FA /* TypeTest.cpp */; };
		29C0B9FE1AAE9398004F86FA /* WithBarTest.cpp in Sources */ = {isa = PBXBuildFile; fileRef = 29C0B9BE1AAE9398004F86FA /* WithBarTest.cpp */; };
		29C0B9FF1AAE9398004F86FA /* WordsTest.cpp in Sources */ = {isa = PBXBuildFile; fileRef = 29C0B9BF1AAE9398004F86FA /* WordsTest.cpp */; };
		29C59C711A9E814A00647187 /* DecimalsTest.cpp in Sources */ = {isa = PBXBuildFile; fileRef = 29C59C6F1A9E814A00647187 /* DecimalsTest.cpp */; };
		29D10BBD1A9BF0BB00F03CE6 /* EnumsTest.cpp in Sources */ = {isa = PBXBuildFile; fileRef = 29D10BBC1A9BF0BB00F03CE6 /* EnumsTest.cpp */; };
		29E801BC1A9FA13800EDBE41 /* StringsTest.cpp in Sources */ = {isa = PBXBuildFile; fileRef = 29E801BA1A9FA13800EDBE41 /* StringsTest.cpp */; };
		29E8A2DF1AAD61F200235C36 /* DisplayTextTest.cpp in Sources */ = {isa = PBXBuildFile; fileRef = 29E8A2DE1AAD61F200235C36 /* DisplayTextTest.cpp */; };
		29ED3EC11AA138EB009FAF55 /* ColorTest.cpp in Sources */ = {isa = PBXBuildFile; fileRef = 29ED3EBF1AA138EB009FAF55 /* ColorTest.cpp */; };
/* End PBXBuildFile section */

/* Begin PBXCopyFilesBuildPhase section */
		298B45E71A9B942A0014CAED /* CopyFiles */ = {
			isa = PBXCopyFilesBuildPhase;
			buildActionMask = 2147483647;
			dstPath = /usr/share/man/man1/;
			dstSubfolderSpec = 0;
			files = (
			);
			runOnlyForDeploymentPostprocessing = 1;
		};
/* End PBXCopyFilesBuildPhase section */

/* Begin PBXFileReference section */
		290D7C0B1AA38F9C0081FBB5 /* NumberOrNormal.cpp */ = {isa = PBXFileReference; fileEncoding = 4; lastKnownFileType = sourcecode.cpp.cpp; path = NumberOrNormal.cpp; sourceTree = "<group>"; };
		290D7C121AA3941C0081FBB5 /* PositiveIntegerOrEmptyTest.cpp */ = {isa = PBXFileReference; fileEncoding = 4; lastKnownFileType = sourcecode.cpp.cpp; path = PositiveIntegerOrEmptyTest.cpp; sourceTree = "<group>"; };
		292D126F1AA2A3270079EF22 /* YesNoNumber.cpp */ = {isa = PBXFileReference; fileEncoding = 4; lastKnownFileType = sourcecode.cpp.cpp; path = YesNoNumber.cpp; sourceTree = "<group>"; };
		292D12761AA2A7260079EF22 /* DateTest.cpp */ = {isa = PBXFileReference; fileEncoding = 4; lastKnownFileType = sourcecode.cpp.cpp; path = DateTest.cpp; sourceTree = "<group>"; };
		2939CD411AA2999500556D00 /* FontSizeTest.cpp */ = {isa = PBXFileReference; fileEncoding = 4; lastKnownFileType = sourcecode.cpp.cpp; path = FontSizeTest.cpp; sourceTree = "<group>"; };
		295F2BDB1AA59BA900C8AEB6 /* DynamicsTest.cpp */ = {isa = PBXFileReference; fileEncoding = 4; lastKnownFileType = sourcecode.cpp.cpp; path = DynamicsTest.cpp; sourceTree = "<group>"; };
		297597E11AACF9930055E101 /* AccidentalTextTest.cpp */ = {isa = PBXFileReference; fileEncoding = 4; lastKnownFileType = sourcecode.cpp.cpp; path = AccidentalTextTest.cpp; sourceTree = "<group>"; };
		298B45E91A9B942A0014CAED /* MxTest */ = {isa = PBXFileReference; explicitFileType = "compiled.mach-o.executable"; includeInIndex = 0; path = MxTest; sourceTree = BUILT_PRODUCTS_DIR; };
		298B45EC1A9B942A0014CAED /* main.cpp */ = {isa = PBXFileReference; lastKnownFileType = sourcecode.cpp.cpp; path = main.cpp; sourceTree = "<group>"; };
		298B45FA1A9B948E0014CAED /* libMx.a */ = {isa = PBXFileReference; lastKnownFileType = archive.ar; name = libMx.a; path = ../Build/Products/Debug/libMx.a; sourceTree = "<group>"; };
		298B45FC1A9B94910014CAED /* libCppUnitLite.a */ = {isa = PBXFileReference; lastKnownFileType = archive.ar; name = libCppUnitLite.a; path = ../Build/Products/Debug/libCppUnitLite.a; sourceTree = "<group>"; };
		29AFECA91A9CED26008516EF /* IntegersTest.cpp */ = {isa = PBXFileReference; fileEncoding = 4; lastKnownFileType = sourcecode.cpp.cpp; path = IntegersTest.cpp; sourceTree = "<group>"; };
		29C0B9621AAE91D9004F86FA /* AccidentalMarkTest.cpp */ = {isa = PBXFileReference; fileEncoding = 4; lastKnownFileType = sourcecode.cpp.cpp; path = AccidentalMarkTest.cpp; sourceTree = "<group>"; };
		29C0B9631AAE91D9004F86FA /* AccidentalTest.cpp */ = {isa = PBXFileReference; fileEncoding = 4; lastKnownFileType = sourcecode.cpp.cpp; path = AccidentalTest.cpp; sourceTree = "<group>"; };
		29C0B9661AAE9209004F86FA /* BarStyleTest.cpp */ = {isa = PBXFileReference; fileEncoding = 4; lastKnownFileType = sourcecode.cpp.cpp; path = BarStyleTest.cpp; sourceTree = "<group>"; };
		29C0B9671AAE9209004F86FA /* BassAlterTest.cpp */ = {isa = PBXFileReference; fileEncoding = 4; lastKnownFileType = sourcecode.cpp.cpp; path = BassAlterTest.cpp; sourceTree = "<group>"; };
		29C0B9681AAE9209004F86FA /* BassStepTest.cpp */ = {isa = PBXFileReference; fileEncoding = 4; lastKnownFileType = sourcecode.cpp.cpp; path = BassStepTest.cpp; sourceTree = "<group>"; };
		29C0B9691AAE9209004F86FA /* BeamTest.cpp */ = {isa = PBXFileReference; fileEncoding = 4; lastKnownFileType = sourcecode.cpp.cpp; path = BeamTest.cpp; sourceTree = "<group>"; };
		29C0B96A1AAE9209004F86FA /* BeaterTest.cpp */ = {isa = PBXFileReference; fileEncoding = 4; lastKnownFileType = sourcecode.cpp.cpp; path = BeaterTest.cpp; sourceTree = "<group>"; };
		29C0B96B1AAE9209004F86FA /* BreathMarkTest.cpp */ = {isa = PBXFileReference; fileEncoding = 4; lastKnownFileType = sourcecode.cpp.cpp; path = BreathMarkTest.cpp; sourceTree = "<group>"; };
		29C0B9721AAE9337004F86FA /* CancelTest.cpp */ = {isa = PBXFileReference; fileEncoding = 4; lastKnownFileType = sourcecode.cpp.cpp; path = CancelTest.cpp; sourceTree = "<group>"; };
		29C0B9731AAE9337004F86FA /* CreatorTest.cpp */ = {isa = PBXFileReference; fileEncoding = 4; lastKnownFileType = sourcecode.cpp.cpp; path = CreatorTest.cpp; sourceTree = "<group>"; };
		29C0B9741AAE9337004F86FA /* CreditWordsTest.cpp */ = {isa = PBXFileReference; fileEncoding = 4; lastKnownFileType = sourcecode.cpp.cpp; path = CreditWordsTest.cpp; sourceTree = "<group>"; };
		29C0B9751AAE9337004F86FA /* DegreeAlterTest.cpp */ = {isa = PBXFileReference; fileEncoding = 4; lastKnownFileType = sourcecode.cpp.cpp; path = DegreeAlterTest.cpp; sourceTree = "<group>"; };
		29C0B9761AAE9337004F86FA /* DegreeTypeTest.cpp */ = {isa = PBXFileReference; fileEncoding = 4; lastKnownFileType = sourcecode.cpp.cpp; path = DegreeTypeTest.cpp; sourceTree = "<group>"; };
		29C0B9771AAE9337004F86FA /* DegreeValueTest.cpp */ = {isa = PBXFileReference; fileEncoding = 4; lastKnownFileType = sourcecode.cpp.cpp; path = DegreeValueTest.cpp; sourceTree = "<group>"; };
		29C0B9781AAE9337004F86FA /* DistanceTest.cpp */ = {isa = PBXFileReference; fileEncoding = 4; lastKnownFileType = sourcecode.cpp.cpp; path = DistanceTest.cpp; sourceTree = "<group>"; };
		29C0B9801AAE9398004F86FA /* ElisionTest.cpp */ = {isa = PBXFileReference; fileEncoding = 4; lastKnownFileType = sourcecode.cpp.cpp; path = ElisionTest.cpp; sourceTree = "<group>"; };
		29C0B9811AAE9398004F86FA /* EncoderTest.cpp */ = {isa = PBXFileReference; fileEncoding = 4; lastKnownFileType = sourcecode.cpp.cpp; path = EncoderTest.cpp; sourceTree = "<group>"; };
		29C0B9821AAE9398004F86FA /* EndingTest.cpp */ = {isa = PBXFileReference; fileEncoding = 4; lastKnownFileType = sourcecode.cpp.cpp; path = EndingTest.cpp; sourceTree = "<group>"; };
		29C0B9831AAE9398004F86FA /* FeatureTest.cpp */ = {isa = PBXFileReference; fileEncoding = 4; lastKnownFileType = sourcecode.cpp.cpp; path = FeatureTest.cpp; sourceTree = "<group>"; };
		29C0B9841AAE9398004F86FA /* FermataTest.cpp */ = {isa = PBXFileReference; fileEncoding = 4; lastKnownFileType = sourcecode.cpp.cpp; path = FermataTest.cpp; sourceTree = "<group>"; };
		29C0B9851AAE9398004F86FA /* FigureNumberTest.cpp */ = {isa = PBXFileReference; fileEncoding = 4; lastKnownFileType = sourcecode.cpp.cpp; path = FigureNumberTest.cpp; sourceTree = "<group>"; };
		29C0B9861AAE9398004F86FA /* FingeringTest.cpp */ = {isa = PBXFileReference; fileEncoding = 4; lastKnownFileType = sourcecode.cpp.cpp; path = FingeringTest.cpp; sourceTree = "<group>"; };
		29C0B9871AAE9398004F86FA /* FirstFretTest.cpp */ = {isa = PBXFileReference; fileEncoding = 4; lastKnownFileType = sourcecode.cpp.cpp; path = FirstFretTest.cpp; sourceTree = "<group>"; };
		29C0B9881AAE9398004F86FA /* FootnoteTest.cpp */ = {isa = PBXFileReference; fileEncoding = 4; lastKnownFileType = sourcecode.cpp.cpp; path = FootnoteTest.cpp; sourceTree = "<group>"; };
		29C0B9891AAE9398004F86FA /* FretTest.cpp */ = {isa = PBXFileReference; fileEncoding = 4; lastKnownFileType = sourcecode.cpp.cpp; path = FretTest.cpp; sourceTree = "<group>"; };
		29C0B98A1AAE9398004F86FA /* FunctionTest.cpp */ = {isa = PBXFileReference; fileEncoding = 4; lastKnownFileType = sourcecode.cpp.cpp; path = FunctionTest.cpp; sourceTree = "<group>"; };
		29C0B98B1AAE9398004F86FA /* GlissandoTest.cpp */ = {isa = PBXFileReference; fileEncoding = 4; lastKnownFileType = sourcecode.cpp.cpp; path = GlissandoTest.cpp; sourceTree = "<group>"; };
		29C0B98C1AAE9398004F86FA /* GroupAbbreviationTest.cpp */ = {isa = PBXFileReference; fileEncoding = 4; lastKnownFileType = sourcecode.cpp.cpp; path = GroupAbbreviationTest.cpp; sourceTree = "<group>"; };
		29C0B98D1AAE9398004F86FA /* GroupBarlineTest.cpp */ = {isa = PBXFileReference; fileEncoding = 4; lastKnownFileType = sourcecode.cpp.cpp; path = GroupBarlineTest.cpp; sourceTree = "<group>"; };
		29C0B98E1AAE9398004F86FA /* GroupNameTest.cpp */ = {isa = PBXFileReference; fileEncoding = 4; lastKnownFileType = sourcecode.cpp.cpp; path = GroupNameTest.cpp; sourceTree = "<group>"; };
		29C0B98F1AAE9398004F86FA /* GroupSymbolTest.cpp */ = {isa = PBXFileReference; fileEncoding = 4; lastKnownFileType = sourcecode.cpp.cpp; path = GroupSymbolTest.cpp; sourceTree = "<group>"; };
		29C0B9901AAE9398004F86FA /* HammerOnTest.cpp */ = {isa = PBXFileReference; fileEncoding = 4; lastKnownFileType = sourcecode.cpp.cpp; path = HammerOnTest.cpp; sourceTree = "<group>"; };
		29C0B9911AAE9398004F86FA /* HandbellTest.cpp */ = {isa = PBXFileReference; fileEncoding = 4; lastKnownFileType = sourcecode.cpp.cpp; path = HandbellTest.cpp; sourceTree = "<group>"; };
		29C0B9921AAE9398004F86FA /* HoleClosedTest.cpp */ = {isa = PBXFileReference; fileEncoding = 4; lastKnownFileType = sourcecode.cpp.cpp; path = HoleClosedTest.cpp; sourceTree = "<group>"; };
		29C0B9931AAE9398004F86FA /* InversionTest.cpp */ = {isa = PBXFileReference; fileEncoding = 4; lastKnownFileType = sourcecode.cpp.cpp; path = InversionTest.cpp; sourceTree = "<group>"; };
		29C0B9941AAE9398004F86FA /* KeyOctaveTest.cpp */ = {isa = PBXFileReference; fileEncoding = 4; lastKnownFileType = sourcecode.cpp.cpp; path = KeyOctaveTest.cpp; sourceTree = "<group>"; };
		29C0B9951AAE9398004F86FA /* KindTest.cpp */ = {isa = PBXFileReference; fileEncoding = 4; lastKnownFileType = sourcecode.cpp.cpp; path = KindTest.cpp; sourceTree = "<group>"; };
		29C0B9961AAE9398004F86FA /* LevelTest.cpp */ = {isa = PBXFileReference; fileEncoding = 4; lastKnownFileType = sourcecode.cpp.cpp; path = LevelTest.cpp; sourceTree = "<group>"; };
		29C0B9971AAE9398004F86FA /* LineWidthTest.cpp */ = {isa = PBXFileReference; fileEncoding = 4; lastKnownFileType = sourcecode.cpp.cpp; path = LineWidthTest.cpp; sourceTree = "<group>"; };
		29C0B9981AAE9398004F86FA /* MeasureNumberingTest.cpp */ = {isa = PBXFileReference; fileEncoding = 4; lastKnownFileType = sourcecode.cpp.cpp; path = MeasureNumberingTest.cpp; sourceTree = "<group>"; };
		29C0B9991AAE9398004F86FA /* MeasureRepeatTest.cpp */ = {isa = PBXFileReference; fileEncoding = 4; lastKnownFileType = sourcecode.cpp.cpp; path = MeasureRepeatTest.cpp; sourceTree = "<group>"; };
		29C0B99A1AAE9398004F86FA /* MetronomeBeamTest.cpp */ = {isa = PBXFileReference; fileEncoding = 4; lastKnownFileType = sourcecode.cpp.cpp; path = MetronomeBeamTest.cpp; sourceTree = "<group>"; };
		29C0B99B1AAE9398004F86FA /* MidiDeviceTest.cpp */ = {isa = PBXFileReference; fileEncoding = 4; lastKnownFileType = sourcecode.cpp.cpp; path = MidiDeviceTest.cpp; sourceTree = "<group>"; };
		29C0B99C1AAE9398004F86FA /* MiscellaneousFieldTest.cpp */ = {isa = PBXFileReference; fileEncoding = 4; lastKnownFileType = sourcecode.cpp.cpp; path = MiscellaneousFieldTest.cpp; sourceTree = "<group>"; };
		29C0B99D1AAE9398004F86FA /* MultipleRestTest.cpp */ = {isa = PBXFileReference; fileEncoding = 4; lastKnownFileType = sourcecode.cpp.cpp; path = MultipleRestTest.cpp; sourceTree = "<group>"; };
		29C0B99E1AAE9398004F86FA /* NoteheadTest.cpp */ = {isa = PBXFileReference; fileEncoding = 4; lastKnownFileType = sourcecode.cpp.cpp; path = NoteheadTest.cpp; sourceTree = "<group>"; };
		29C0B99F1AAE9398004F86FA /* NoteSizeTest.cpp */ = {isa = PBXFileReference; fileEncoding = 4; lastKnownFileType = sourcecode.cpp.cpp; path = NoteSizeTest.cpp; sourceTree = "<group>"; };
		29C0B9A01AAE9398004F86FA /* OffsetTest.cpp */ = {isa = PBXFileReference; fileEncoding = 4; lastKnownFileType = sourcecode.cpp.cpp; path = OffsetTest.cpp; sourceTree = "<group>"; };
		29C0B9A11AAE9398004F86FA /* OtherAppearanceTest.cpp */ = {isa = PBXFileReference; fileEncoding = 4; lastKnownFileType = sourcecode.cpp.cpp; path = OtherAppearanceTest.cpp; sourceTree = "<group>"; };
		29C0B9A21AAE9398004F86FA /* OtherArticulationTest.cpp */ = {isa = PBXFileReference; fileEncoding = 4; lastKnownFileType = sourcecode.cpp.cpp; path = OtherArticulationTest.cpp; sourceTree = "<group>"; };
		29C0B9A31AAE9398004F86FA /* OtherDirectionTest.cpp */ = {isa = PBXFileReference; fileEncoding = 4; lastKnownFileType = sourcecode.cpp.cpp; path = OtherDirectionTest.cpp; sourceTree = "<group>"; };
		29C0B9A41AAE9398004F86FA /* OtherNotationTest.cpp */ = {isa = PBXFileReference; fileEncoding = 4; lastKnownFileType = sourcecode.cpp.cpp; path = OtherNotationTest.cpp; sourceTree = "<group>"; };
		29C0B9A51AAE9398004F86FA /* OtherOrnamentTest.cpp */ = {isa = PBXFileReference; fileEncoding = 4; lastKnownFileType = sourcecode.cpp.cpp; path = OtherOrnamentTest.cpp; sourceTree = "<group>"; };
		29C0B9A61AAE9398004F86FA /* OtherPlayTest.cpp */ = {isa = PBXFileReference; fileEncoding = 4; lastKnownFileType = sourcecode.cpp.cpp; path = OtherPlayTest.cpp; sourceTree = "<group>"; };
		29C0B9A71AAE9398004F86FA /* OtherTechnicalTest.cpp */ = {isa = PBXFileReference; fileEncoding = 4; lastKnownFileType = sourcecode.cpp.cpp; path = OtherTechnicalTest.cpp; sourceTree = "<group>"; };
		29C0B9A81AAE9398004F86FA /* PartAbbreviationTest.cpp */ = {isa = PBXFileReference; fileEncoding = 4; lastKnownFileType = sourcecode.cpp.cpp; path = PartAbbreviationTest.cpp; sourceTree = "<group>"; };
		29C0B9A91AAE9398004F86FA /* PartNameTest.cpp */ = {isa = PBXFileReference; fileEncoding = 4; lastKnownFileType = sourcecode.cpp.cpp; path = PartNameTest.cpp; sourceTree = "<group>"; };
		29C0B9AA1AAE9398004F86FA /* PartSymbolTest.cpp */ = {isa = PBXFileReference; fileEncoding = 4; lastKnownFileType = sourcecode.cpp.cpp; path = PartSymbolTest.cpp; sourceTree = "<group>"; };
		29C0B9AB1AAE9398004F86FA /* PerMinuteTest.cpp */ = {isa = PBXFileReference; fileEncoding = 4; lastKnownFileType = sourcecode.cpp.cpp; path = PerMinuteTest.cpp; sourceTree = "<group>"; };
		29C0B9AC1AAE9398004F86FA /* PluckTest.cpp */ = {isa = PBXFileReference; fileEncoding = 4; lastKnownFileType = sourcecode.cpp.cpp; path = PluckTest.cpp; sourceTree = "<group>"; };
		29C0B9AD1AAE9398004F86FA /* PrefixTest.cpp */ = {isa = PBXFileReference; fileEncoding = 4; lastKnownFileType = sourcecode.cpp.cpp; path = PrefixTest.cpp; sourceTree = "<group>"; };
		29C0B9AE1AAE9398004F86FA /* PrincipalVoiceTest.cpp */ = {isa = PBXFileReference; fileEncoding = 4; lastKnownFileType = sourcecode.cpp.cpp; path = PrincipalVoiceTest.cpp; sourceTree = "<group>"; };
		29C0B9AF1AAE9398004F86FA /* PullOffTest.cpp */ = {isa = PBXFileReference; fileEncoding = 4; lastKnownFileType = sourcecode.cpp.cpp; path = PullOffTest.cpp; sourceTree = "<group>"; };
		29C0B9B01AAE9398004F86FA /* RehearsalTest.cpp */ = {isa = PBXFileReference; fileEncoding = 4; lastKnownFileType = sourcecode.cpp.cpp; path = RehearsalTest.cpp; sourceTree = "<group>"; };
		29C0B9B11AAE9398004F86FA /* RelationTest.cpp */ = {isa = PBXFileReference; fileEncoding = 4; lastKnownFileType = sourcecode.cpp.cpp; path = RelationTest.cpp; sourceTree = "<group>"; };
		29C0B9B21AAE9398004F86FA /* RightsTest.cpp */ = {isa = PBXFileReference; fileEncoding = 4; lastKnownFileType = sourcecode.cpp.cpp; path = RightsTest.cpp; sourceTree = "<group>"; };
		29C0B9B31AAE9398004F86FA /* RootAlterTest.cpp */ = {isa = PBXFileReference; fileEncoding = 4; lastKnownFileType = sourcecode.cpp.cpp; path = RootAlterTest.cpp; sourceTree = "<group>"; };
		29C0B9B41AAE9398004F86FA /* RootStepTest.cpp */ = {isa = PBXFileReference; fileEncoding = 4; lastKnownFileType = sourcecode.cpp.cpp; path = RootStepTest.cpp; sourceTree = "<group>"; };
		29C0B9B51AAE9398004F86FA /* SlideTest.cpp */ = {isa = PBXFileReference; fileEncoding = 4; lastKnownFileType = sourcecode.cpp.cpp; path = SlideTest.cpp; sourceTree = "<group>"; };
		29C0B9B61AAE9398004F86FA /* StemTest.cpp */ = {isa = PBXFileReference; fileEncoding = 4; lastKnownFileType = sourcecode.cpp.cpp; path = StemTest.cpp; sourceTree = "<group>"; };
		29C0B9B71AAE9398004F86FA /* SuffixTest.cpp */ = {isa = PBXFileReference; fileEncoding = 4; lastKnownFileType = sourcecode.cpp.cpp; path = SuffixTest.cpp; sourceTree = "<group>"; };
		29C0B9B81AAE9398004F86FA /* TapTest.cpp */ = {isa = PBXFileReference; fileEncoding = 4; lastKnownFileType = sourcecode.cpp.cpp; path = TapTest.cpp; sourceTree = "<group>"; };
		29C0B9B91AAE9398004F86FA /* TextTest.cpp */ = {isa = PBXFileReference; fileEncoding = 4; lastKnownFileType = sourcecode.cpp.cpp; path = TextTest.cpp; sourceTree = "<group>"; };
		29C0B9BA1AAE9398004F86FA /* TremoloTest.cpp */ = {isa = PBXFileReference; fileEncoding = 4; lastKnownFileType = sourcecode.cpp.cpp; path = TremoloTest.cpp; sourceTree = "<group>"; };
		29C0B9BB1AAE9398004F86FA /* TupletNumberTest.cpp */ = {isa = PBXFileReference; fileEncoding = 4; lastKnownFileType = sourcecode.cpp.cpp; path = TupletNumberTest.cpp; sourceTree = "<group>"; };
		29C0B9BC1AAE9398004F86FA /* TupletTypeTest.cpp */ = {isa = PBXFileReference; fileEncoding = 4; lastKnownFileType = sourcecode.cpp.cpp; path = TupletTypeTest.cpp; sourceTree = "<group>"; };
		29C0B9BD1AAE9398004F86FA /* TypeTest.cpp */ = {isa = PBXFileReference; fileEncoding = 4; lastKnownFileType = sourcecode.cpp.cpp; path = TypeTest.cpp; sourceTree = "<group>"; };
		29C0B9BE1AAE9398004F86FA /* WithBarTest.cpp */ = {isa = PBXFileReference; fileEncoding = 4; lastKnownFileType = sourcecode.cpp.cpp; path = WithBarTest.cpp; sourceTree = "<group>"; };
		29C0B9BF1AAE9398004F86FA /* WordsTest.cpp */ = {isa = PBXFileReference; fileEncoding = 4; lastKnownFileType = sourcecode.cpp.cpp; path = WordsTest.cpp; sourceTree = "<group>"; };
		29C59C6F1A9E814A00647187 /* DecimalsTest.cpp */ = {isa = PBXFileReference; fileEncoding = 4; lastKnownFileType = sourcecode.cpp.cpp; path = DecimalsTest.cpp; sourceTree = "<group>"; };
		29D10BBC1A9BF0BB00F03CE6 /* EnumsTest.cpp */ = {isa = PBXFileReference; fileEncoding = 4; lastKnownFileType = sourcecode.cpp.cpp; path = EnumsTest.cpp; sourceTree = "<group>"; };
		29E801BA1A9FA13800EDBE41 /* StringsTest.cpp */ = {isa = PBXFileReference; fileEncoding = 4; lastKnownFileType = sourcecode.cpp.cpp; path = StringsTest.cpp; sourceTree = "<group>"; };
		29E8A2DE1AAD61F200235C36 /* DisplayTextTest.cpp */ = {isa = PBXFileReference; fileEncoding = 4; lastKnownFileType = sourcecode.cpp.cpp; path = DisplayTextTest.cpp; sourceTree = "<group>"; };
		29ED3EBF1AA138EB009FAF55 /* ColorTest.cpp */ = {isa = PBXFileReference; fileEncoding = 4; lastKnownFileType = sourcecode.cpp.cpp; path = ColorTest.cpp; sourceTree = "<group>"; };
/* End PBXFileReference section */

/* Begin PBXFrameworksBuildPhase section */
		298B45E61A9B942A0014CAED /* Frameworks */ = {
			isa = PBXFrameworksBuildPhase;
			buildActionMask = 2147483647;
			files = (
				298B45FB1A9B948E0014CAED /* libMx.a in Frameworks */,
				298B45FD1A9B94910014CAED /* libCppUnitLite.a in Frameworks */,
			);
			runOnlyForDeploymentPostprocessing = 0;
		};
/* End PBXFrameworksBuildPhase section */

/* Begin PBXGroup section */
		298B45E01A9B942A0014CAED = {
			isa = PBXGroup;
			children = (
				29C0B9621AAE91D9004F86FA /* AccidentalMarkTest.cpp */,
				29C0B9631AAE91D9004F86FA /* AccidentalTest.cpp */,
				297597E11AACF9930055E101 /* AccidentalTextTest.cpp */,
				29C0B9661AAE9209004F86FA /* BarStyleTest.cpp */,
				29C0B9671AAE9209004F86FA /* BassAlterTest.cpp */,
				29C0B9681AAE9209004F86FA /* BassStepTest.cpp */,
				29C0B9691AAE9209004F86FA /* BeamTest.cpp */,
				29C0B96A1AAE9209004F86FA /* BeaterTest.cpp */,
				29C0B96B1AAE9209004F86FA /* BreathMarkTest.cpp */,
				29C0B9721AAE9337004F86FA /* CancelTest.cpp */,
				29ED3EBF1AA138EB009FAF55 /* ColorTest.cpp */,
				29C0B9731AAE9337004F86FA /* CreatorTest.cpp */,
				29C0B9741AAE9337004F86FA /* CreditWordsTest.cpp */,
				292D12761AA2A7260079EF22 /* DateTest.cpp */,
				29C59C6F1A9E814A00647187 /* DecimalsTest.cpp */,
				29C0B9751AAE9337004F86FA /* DegreeAlterTest.cpp */,
				29C0B9761AAE9337004F86FA /* DegreeTypeTest.cpp */,
				29C0B9771AAE9337004F86FA /* DegreeValueTest.cpp */,
				29E8A2DE1AAD61F200235C36 /* DisplayTextTest.cpp */,
				29C0B9781AAE9337004F86FA /* DistanceTest.cpp */,
				295F2BDB1AA59BA900C8AEB6 /* DynamicsTest.cpp */,
				29C0B9801AAE9398004F86FA /* ElisionTest.cpp */,
				29C0B9811AAE9398004F86FA /* EncoderTest.cpp */,
				29C0B9821AAE9398004F86FA /* EndingTest.cpp */,
				29D10BBC1A9BF0BB00F03CE6 /* EnumsTest.cpp */,
				29C0B9831AAE9398004F86FA /* FeatureTest.cpp */,
				29C0B9841AAE9398004F86FA /* FermataTest.cpp */,
				29C0B9851AAE9398004F86FA /* FigureNumberTest.cpp */,
				29C0B9861AAE9398004F86FA /* FingeringTest.cpp */,
				29C0B9871AAE9398004F86FA /* FirstFretTest.cpp */,
				2939CD411AA2999500556D00 /* FontSizeTest.cpp */,
				29C0B9881AAE9398004F86FA /* FootnoteTest.cpp */,
				29C0B9891AAE9398004F86FA /* FretTest.cpp */,
				29C0B98A1AAE9398004F86FA /* FunctionTest.cpp */,
				29C0B98B1AAE9398004F86FA /* GlissandoTest.cpp */,
				29C0B98C1AAE9398004F86FA /* GroupAbbreviationTest.cpp */,
				29C0B98D1AAE9398004F86FA /* GroupBarlineTest.cpp */,
				29C0B98E1AAE9398004F86FA /* GroupNameTest.cpp */,
				29C0B98F1AAE9398004F86FA /* GroupSymbolTest.cpp */,
				29C0B9901AAE9398004F86FA /* HammerOnTest.cpp */,
				29C0B9911AAE9398004F86FA /* HandbellTest.cpp */,
				29C0B9921AAE9398004F86FA /* HoleClosedTest.cpp */,
				29AFECA91A9CED26008516EF /* IntegersTest.cpp */,
				29C0B9931AAE9398004F86FA /* InversionTest.cpp */,
				29C0B9941AAE9398004F86FA /* KeyOctaveTest.cpp */,
				29C0B9951AAE9398004F86FA /* KindTest.cpp */,
				29C0B9961AAE9398004F86FA /* LevelTest.cpp */,
				298B45FC1A9B94910014CAED /* libCppUnitLite.a */,
				298B45FA1A9B948E0014CAED /* libMx.a */,
				29C0B9971AAE9398004F86FA /* LineWidthTest.cpp */,
				29C0B9981AAE9398004F86FA /* MeasureNumberingTest.cpp */,
				29C0B9991AAE9398004F86FA /* MeasureRepeatTest.cpp */,
				29C0B99A1AAE9398004F86FA /* MetronomeBeamTest.cpp */,
				29C0B99B1AAE9398004F86FA /* MidiDeviceTest.cpp */,
				29C0B99C1AAE9398004F86FA /* MiscellaneousFieldTest.cpp */,
				29C0B99D1AAE9398004F86FA /* MultipleRestTest.cpp */,
				298B45EB1A9B942A0014CAED /* MxTest */,
				29C0B99E1AAE9398004F86FA /* NoteheadTest.cpp */,
				29C0B99F1AAE9398004F86FA /* NoteSizeTest.cpp */,
				290D7C0B1AA38F9C0081FBB5 /* NumberOrNormal.cpp */,
				29C0B9A01AAE9398004F86FA /* OffsetTest.cpp */,
				29C0B9A11AAE9398004F86FA /* OtherAppearanceTest.cpp */,
				29C0B9A21AAE9398004F86FA /* OtherArticulationTest.cpp */,
				29C0B9A31AAE9398004F86FA /* OtherDirectionTest.cpp */,
				29C0B9A41AAE9398004F86FA /* OtherNotationTest.cpp */,
				29C0B9A51AAE9398004F86FA /* OtherOrnamentTest.cpp */,
				29C0B9A61AAE9398004F86FA /* OtherPlayTest.cpp */,
				29C0B9A71AAE9398004F86FA /* OtherTechnicalTest.cpp */,
				29C0B9A81AAE9398004F86FA /* PartAbbreviationTest.cpp */,
				29C0B9A91AAE9398004F86FA /* PartNameTest.cpp */,
				29C0B9AA1AAE9398004F86FA /* PartSymbolTest.cpp */,
				29C0B9AB1AAE9398004F86FA /* PerMinuteTest.cpp */,
				29C0B9AC1AAE9398004F86FA /* PluckTest.cpp */,
				290D7C121AA3941C0081FBB5 /* PositiveIntegerOrEmptyTest.cpp */,
				29C0B9AD1AAE9398004F86FA /* PrefixTest.cpp */,
				29C0B9AE1AAE9398004F86FA /* PrincipalVoiceTest.cpp */,
				298B45EA1A9B942A0014CAED /* Products */,
				29C0B9AF1AAE9398004F86FA /* PullOffTest.cpp */,
				29C0B9B01AAE9398004F86FA /* RehearsalTest.cpp */,
				29C0B9B11AAE9398004F86FA /* RelationTest.cpp */,
				29C0B9B21AAE9398004F86FA /* RightsTest.cpp */,
				29C0B9B31AAE9398004F86FA /* RootAlterTest.cpp */,
				29C0B9B41AAE9398004F86FA /* RootStepTest.cpp */,
				29C0B9B51AAE9398004F86FA /* SlideTest.cpp */,
				29C0B9B61AAE9398004F86FA /* StemTest.cpp */,
				29E801BA1A9FA13800EDBE41 /* StringsTest.cpp */,
				29C0B9B71AAE9398004F86FA /* SuffixTest.cpp */,
				29C0B9B81AAE9398004F86FA /* TapTest.cpp */,
				29C0B9B91AAE9398004F86FA /* TextTest.cpp */,
				29C0B9BA1AAE9398004F86FA /* TremoloTest.cpp */,
				29C0B9BB1AAE9398004F86FA /* TupletNumberTest.cpp */,
				29C0B9BC1AAE9398004F86FA /* TupletTypeTest.cpp */,
				29C0B9BD1AAE9398004F86FA /* TypeTest.cpp */,
				29C0B9BE1AAE9398004F86FA /* WithBarTest.cpp */,
				29C0B9BF1AAE9398004F86FA /* WordsTest.cpp */,
				292D126F1AA2A3270079EF22 /* YesNoNumber.cpp */,
			);
			sourceTree = "<group>";
		};
		298B45EA1A9B942A0014CAED /* Products */ = {
			isa = PBXGroup;
			children = (
				298B45E91A9B942A0014CAED /* MxTest */,
			);
			name = Products;
			sourceTree = "<group>";
		};
		298B45EB1A9B942A0014CAED /* MxTest */ = {
			isa = PBXGroup;
			children = (
				298B45EC1A9B942A0014CAED /* main.cpp */,
			);
			path = MxTest;
			sourceTree = "<group>";
		};
/* End PBXGroup section */

/* Begin PBXNativeTarget section */
		298B45E81A9B942A0014CAED /* MxTest */ = {
			isa = PBXNativeTarget;
			buildConfigurationList = 298B45F21A9B942A0014CAED /* Build configuration list for PBXNativeTarget "MxTest" */;
			buildPhases = (
				298B45E51A9B942A0014CAED /* Sources */,
				298B45E61A9B942A0014CAED /* Frameworks */,
				298B45E71A9B942A0014CAED /* CopyFiles */,
			);
			buildRules = (
			);
			dependencies = (
			);
			name = MxTest;
			productName = MxTest;
			productReference = 298B45E91A9B942A0014CAED /* MxTest */;
			productType = "com.apple.product-type.tool";
		};
/* End PBXNativeTarget section */

/* Begin PBXProject section */
		298B45E11A9B942A0014CAED /* Project object */ = {
			isa = PBXProject;
			attributes = {
				LastUpgradeCheck = 0510;
				ORGANIZATIONNAME = "Matthew James Briggs";
			};
			buildConfigurationList = 298B45E41A9B942A0014CAED /* Build configuration list for PBXProject "MxTest" */;
			compatibilityVersion = "Xcode 3.2";
			developmentRegion = English;
			hasScannedForEncodings = 0;
			knownRegions = (
				en,
			);
			mainGroup = 298B45E01A9B942A0014CAED;
			productRefGroup = 298B45EA1A9B942A0014CAED /* Products */;
			projectDirPath = "";
			projectRoot = "";
			targets = (
				298B45E81A9B942A0014CAED /* MxTest */,
			);
		};
/* End PBXProject section */

/* Begin PBXSourcesBuildPhase section */
		298B45E51A9B942A0014CAED /* Sources */ = {
			isa = PBXSourcesBuildPhase;
			buildActionMask = 2147483647;
			files = (
				29C0B9DD1AAE9398004F86FA /* MultipleRestTest.cpp in Sources */,
				29C0B9D51AAE9398004F86FA /* KindTest.cpp in Sources */,
				29C0B9F31AAE9398004F86FA /* RootAlterTest.cpp in Sources */,
				29C0B9C41AAE9398004F86FA /* FermataTest.cpp in Sources */,
				29C0B9C91AAE9398004F86FA /* FretTest.cpp in Sources */,
				29E801BC1A9FA13800EDBE41 /* StringsTest.cpp in Sources */,
				29C0B9C01AAE9398004F86FA /* ElisionTest.cpp in Sources */,
				29C0B9C61AAE9398004F86FA /* FingeringTest.cpp in Sources */,
				29C0B9EE1AAE9398004F86FA /* PrincipalVoiceTest.cpp in Sources */,
				29C0B9D21AAE9398004F86FA /* HoleClosedTest.cpp in Sources */,
				29C0B9C71AAE9398004F86FA /* FirstFretTest.cpp in Sources */,
				29C0B9C81AAE9398004F86FA /* FootnoteTest.cpp in Sources */,
				29C0B9DA1AAE9398004F86FA /* MetronomeBeamTest.cpp in Sources */,
				29C0B97E1AAE9337004F86FA /* DegreeValueTest.cpp in Sources */,
				29AFECAB1A9CED26008516EF /* IntegersTest.cpp in Sources */,
				29C0B9E91AAE9398004F86FA /* PartNameTest.cpp in Sources */,
				297597E31AACF9930055E101 /* AccidentalTextTest.cpp in Sources */,
				29C0B9E61AAE9398004F86FA /* OtherPlayTest.cpp in Sources */,
				29C0B9F01AAE9398004F86FA /* RehearsalTest.cpp in Sources */,
				298B45ED1A9B942A0014CAED /* main.cpp in Sources */,
				29C0B9CB1AAE9398004F86FA /* GlissandoTest.cpp in Sources */,
				29C0B9D31AAE9398004F86FA /* InversionTest.cpp in Sources */,
				29ED3EC11AA138EB009FAF55 /* ColorTest.cpp in Sources */,
				29E8A2DF1AAD61F200235C36 /* DisplayTextTest.cpp in Sources */,
				29C0B96C1AAE9209004F86FA /* BarStyleTest.cpp in Sources */,
				292D12781AA2A7260079EF22 /* DateTest.cpp in Sources */,
				29C0B97A1AAE9337004F86FA /* CreatorTest.cpp in Sources */,
				295F2BDD1AA59BA900C8AEB6 /* DynamicsTest.cpp in Sources */,
				29C0B9C31AAE9398004F86FA /* FeatureTest.cpp in Sources */,
				29C0B9EB1AAE9398004F86FA /* PerMinuteTest.cpp in Sources */,
				29C0B9EF1AAE9398004F86FA /* PullOffTest.cpp in Sources */,
				29C0B9DF1AAE9398004F86FA /* NoteSizeTest.cpp in Sources */,
				29C0B97B1AAE9337004F86FA /* CreditWordsTest.cpp in Sources */,
				29C0B9F11AAE9398004F86FA /* RelationTest.cpp in Sources */,
				29C0B9F61AAE9398004F86FA /* StemTest.cpp in Sources */,
				29C0B9E41AAE9398004F86FA /* OtherNotationTest.cpp in Sources */,
				29C0B96D1AAE9209004F86FA /* BassAlterTest.cpp in Sources */,
				29C0B9E21AAE9398004F86FA /* OtherArticulationTest.cpp in Sources */,
				29C0B9CC1AAE9398004F86FA /* GroupAbbreviationTest.cpp in Sources */,
				29C0B9711AAE9209004F86FA /* BreathMarkTest.cpp in Sources */,
				29C0B9D81AAE9398004F86FA /* MeasureNumberingTest.cpp in Sources */,
				29C0B9D91AAE9398004F86FA /* MeasureRepeatTest.cpp in Sources */,
				29C0B9D61AAE9398004F86FA /* LevelTest.cpp in Sources */,
				29C0B96F1AAE9209004F86FA /* BeamTest.cpp in Sources */,
				29C0B9FD1AAE9398004F86FA /* TypeTest.cpp in Sources */,
				29C0B9D01AAE9398004F86FA /* HammerOnTest.cpp in Sources */,
				29C0B9C51AAE9398004F86FA /* FigureNumberTest.cpp in Sources */,
				29C59C711A9E814A00647187 /* DecimalsTest.cpp in Sources */,
				29C0B96E1AAE9209004F86FA /* BassStepTest.cpp in Sources */,
				29C0B9E31AAE9398004F86FA /* OtherDirectionTest.cpp in Sources */,
				29C0B9F91AAE9398004F86FA /* TextTest.cpp in Sources */,
				29C0B9DC1AAE9398004F86FA /* MiscellaneousFieldTest.cpp in Sources */,
				29C0B9F51AAE9398004F86FA /* SlideTest.cpp in Sources */,
				29C0B9F41AAE9398004F86FA /* RootStepTest.cpp in Sources */,
				29C0B9CD1AAE9398004F86FA /* GroupBarlineTest.cpp in Sources */,
				29C0B9D41AAE9398004F86FA /* KeyOctaveTest.cpp in Sources */,
				29C0B9FB1AAE9398004F86FA /* TupletNumberTest.cpp in Sources */,
				29C0B97C1AAE9337004F86FA /* DegreeAlterTest.cpp in Sources */,
				29C0B9ED1AAE9398004F86FA /* PrefixTest.cpp in Sources */,
				29C0B9EC1AAE9398004F86FA /* PluckTest.cpp in Sources */,
				29C0B9701AAE9209004F86FA /* BeaterTest.cpp in Sources */,
				29C0B9C21AAE9398004F86FA /* EndingTest.cpp in Sources */,
				29C0B9F71AAE9398004F86FA /* SuffixTest.cpp in Sources */,
				29C0B9E11AAE9398004F86FA /* OtherAppearanceTest.cpp in Sources */,
				290D7C141AA3941C0081FBB5 /* PositiveIntegerOrEmptyTest.cpp in Sources */,
				290D7C0D1AA38F9C0081FBB5 /* NumberOrNormal.cpp in Sources */,
				29C0B9E71AAE9398004F86FA /* OtherTechnicalTest.cpp in Sources */,
				29C0B9791AAE9337004F86FA /* CancelTest.cpp in Sources */,
				29C0B9FC1AAE9398004F86FA /* TupletTypeTest.cpp in Sources */,
				29C0B9FA1AAE9398004F86FA /* TremoloTest.cpp in Sources */,
				29C0B9F81AAE9398004F86FA /* TapTest.cpp in Sources */,
				29C0B9CA1AAE9398004F86FA /* FunctionTest.cpp in Sources */,
				29C0B9651AAE91D9004F86FA /* AccidentalTest.cpp in Sources */,
				29C0B9CE1AAE9398004F86FA /* GroupNameTest.cpp in Sources */,
				29C0B9EA1AAE9398004F86FA /* PartSymbolTest.cpp in Sources */,
				29C0B9F21AAE9398004F86FA /* RightsTest.cpp in Sources */,
				29C0B97F1AAE9337004F86FA /* DistanceTest.cpp in Sources */,
				29C0B9DB1AAE9398004F86FA /* MidiDeviceTest.cpp in Sources */,
				2939CD431AA2999500556D00 /* FontSizeTest.cpp in Sources */,
				29C0B9E01AAE9398004F86FA /* OffsetTest.cpp in Sources */,
				29C0B9D11AAE9398004F86FA /* HandbellTest.cpp in Sources */,
				29C0B9FE1AAE9398004F86FA /* WithBarTest.cpp in Sources */,
				29C0B9FF1AAE9398004F86FA /* WordsTest.cpp in Sources */,
				29C0B97D1AAE9337004F86FA /* DegreeTypeTest.cpp in Sources */,
				29C0B9DE1AAE9398004F86FA /* NoteheadTest.cpp in Sources */,
				29C0B9C11AAE9398004F86FA /* EncoderTest.cpp in Sources */,
				29D10BBD1A9BF0BB00F03CE6 /* EnumsTest.cpp in Sources */,
				29C0B9E81AAE9398004F86FA /* PartAbbreviationTest.cpp in Sources */,
				29C0B9641AAE91D9004F86FA /* AccidentalMarkTest.cpp in Sources */,
				29C0B9D71AAE9398004F86FA /* LineWidthTest.cpp in Sources */,
				292D12711AA2A3270079EF22 /* YesNoNumber.cpp in Sources */,
				29C0B9CF1AAE9398004F86FA /* GroupSymbolTest.cpp in Sources */,
				29C0B9E51AAE9398004F86FA /* OtherOrnamentTest.cpp in Sources */,
			);
			runOnlyForDeploymentPostprocessing = 0;
		};
/* End PBXSourcesBuildPhase section */

/* Begin XCBuildConfiguration section */
		298B45F01A9B942A0014CAED /* Debug */ = {
			isa = XCBuildConfiguration;
			buildSettings = {
				ALWAYS_SEARCH_USER_PATHS = NO;
				CLANG_CXX_LANGUAGE_STANDARD = "gnu++0x";
				CLANG_CXX_LIBRARY = "libc++";
				CLANG_ENABLE_MODULES = YES;
				CLANG_ENABLE_OBJC_ARC = YES;
				CLANG_WARN_BOOL_CONVERSION = YES;
				CLANG_WARN_CONSTANT_CONVERSION = YES;
				CLANG_WARN_DIRECT_OBJC_ISA_USAGE = YES_ERROR;
				CLANG_WARN_EMPTY_BODY = YES;
				CLANG_WARN_ENUM_CONVERSION = YES;
				CLANG_WARN_INT_CONVERSION = YES;
				CLANG_WARN_OBJC_ROOT_CLASS = YES_ERROR;
				CLANG_WARN__DUPLICATE_METHOD_MATCH = YES;
				COPY_PHASE_STRIP = NO;
				GCC_C_LANGUAGE_STANDARD = gnu99;
				GCC_DYNAMIC_NO_PIC = NO;
				GCC_ENABLE_OBJC_EXCEPTIONS = YES;
				GCC_OPTIMIZATION_LEVEL = 0;
				GCC_PREPROCESSOR_DEFINITIONS = (
					"DEBUG=1",
					"$(inherited)",
				);
				GCC_SYMBOLS_PRIVATE_EXTERN = NO;
				GCC_WARN_64_TO_32_BIT_CONVERSION = YES;
				GCC_WARN_ABOUT_RETURN_TYPE = YES_ERROR;
				GCC_WARN_UNDECLARED_SELECTOR = YES;
				GCC_WARN_UNINITIALIZED_AUTOS = YES_AGGRESSIVE;
				GCC_WARN_UNUSED_FUNCTION = YES;
				GCC_WARN_UNUSED_VARIABLE = YES;
				MACOSX_DEPLOYMENT_TARGET = 10.9;
				ONLY_ACTIVE_ARCH = YES;
				SDKROOT = macosx;
				USER_HEADER_SEARCH_PATHS = "../**";
			};
			name = Debug;
		};
		298B45F11A9B942A0014CAED /* Release */ = {
			isa = XCBuildConfiguration;
			buildSettings = {
				ALWAYS_SEARCH_USER_PATHS = NO;
				CLANG_CXX_LANGUAGE_STANDARD = "gnu++0x";
				CLANG_CXX_LIBRARY = "libc++";
				CLANG_ENABLE_MODULES = YES;
				CLANG_ENABLE_OBJC_ARC = YES;
				CLANG_WARN_BOOL_CONVERSION = YES;
				CLANG_WARN_CONSTANT_CONVERSION = YES;
				CLANG_WARN_DIRECT_OBJC_ISA_USAGE = YES_ERROR;
				CLANG_WARN_EMPTY_BODY = YES;
				CLANG_WARN_ENUM_CONVERSION = YES;
				CLANG_WARN_INT_CONVERSION = YES;
				CLANG_WARN_OBJC_ROOT_CLASS = YES_ERROR;
				CLANG_WARN__DUPLICATE_METHOD_MATCH = YES;
				COPY_PHASE_STRIP = YES;
				DEBUG_INFORMATION_FORMAT = "dwarf-with-dsym";
				ENABLE_NS_ASSERTIONS = NO;
				GCC_C_LANGUAGE_STANDARD = gnu99;
				GCC_ENABLE_OBJC_EXCEPTIONS = YES;
				GCC_WARN_64_TO_32_BIT_CONVERSION = YES;
				GCC_WARN_ABOUT_RETURN_TYPE = YES_ERROR;
				GCC_WARN_UNDECLARED_SELECTOR = YES;
				GCC_WARN_UNINITIALIZED_AUTOS = YES_AGGRESSIVE;
				GCC_WARN_UNUSED_FUNCTION = YES;
				GCC_WARN_UNUSED_VARIABLE = YES;
				MACOSX_DEPLOYMENT_TARGET = 10.9;
				SDKROOT = macosx;
				USER_HEADER_SEARCH_PATHS = "../**";
			};
			name = Release;
		};
		298B45F31A9B942A0014CAED /* Debug */ = {
			isa = XCBuildConfiguration;
			buildSettings = {
				LIBRARY_SEARCH_PATHS = (
					"$(inherited)",
					/Volumes/MusikPlatz/Build/Products/Debug,
				);
				PRODUCT_NAME = "$(TARGET_NAME)";
			};
			name = Debug;
		};
		298B45F41A9B942A0014CAED /* Release */ = {
			isa = XCBuildConfiguration;
			buildSettings = {
				LIBRARY_SEARCH_PATHS = (
					"$(inherited)",
					/Volumes/MusikPlatz/Build/Products/Debug,
				);
				PRODUCT_NAME = "$(TARGET_NAME)";
			};
			name = Release;
		};
/* End XCBuildConfiguration section */

/* Begin XCConfigurationList section */
		298B45E41A9B942A0014CAED /* Build configuration list for PBXProject "MxTest" */ = {
			isa = XCConfigurationList;
			buildConfigurations = (
				298B45F01A9B942A0014CAED /* Debug */,
				298B45F11A9B942A0014CAED /* Release */,
			);
			defaultConfigurationIsVisible = 0;
			defaultConfigurationName = Release;
		};
		298B45F21A9B942A0014CAED /* Build configuration list for PBXNativeTarget "MxTest" */ = {
			isa = XCConfigurationList;
			buildConfigurations = (
				298B45F31A9B942A0014CAED /* Debug */,
				298B45F41A9B942A0014CAED /* Release */,
			);
			defaultConfigurationIsVisible = 0;
			defaultConfigurationName = Release;
		};
/* End XCConfigurationList section */
	};
	rootObject = 298B45E11A9B942A0014CAED /* Project object */;
}
