// !$*UTF8*$!
{
	archiveVersion = 1;
	classes = {
	};
	objectVersion = 46;
	objects = {

/* Begin PBXBuildFile section */
		29E6D3CD1A8BFDBA00C8B8E2 /* XpProperty.cpp in Sources */ = {isa = PBXBuildFile; fileRef = 29E6D3C71A8BFDBA00C8B8E2 /* XpProperty.cpp */; };
		29E6D3CE1A8BFDBA00C8B8E2 /* XpProperty.h in Headers */ = {isa = PBXBuildFile; fileRef = 29E6D3C81A8BFDBA00C8B8E2 /* XpProperty.h */; };
		29E6D3CF1A8BFDBA00C8B8E2 /* XpDom.cpp in Sources */ = {isa = PBXBuildFile; fileRef = 29E6D3C91A8BFDBA00C8B8E2 /* XpDom.cpp */; };
		29E6D3D01A8BFDBA00C8B8E2 /* XpDom.h in Headers */ = {isa = PBXBuildFile; fileRef = 29E6D3CA1A8BFDBA00C8B8E2 /* XpDom.h */; };
		29E6D3D11A8BFDBA00C8B8E2 /* XpItem.cpp in Sources */ = {isa = PBXBuildFile; fileRef = 29E6D3CB1A8BFDBA00C8B8E2 /* XpItem.cpp */; };
		29E6D3D21A8BFDBA00C8B8E2 /* XpItem.h in Headers */ = {isa = PBXBuildFile; fileRef = 29E6D3CC1A8BFDBA00C8B8E2 /* XpItem.h */; };
		29E6D3D51A8C0C8F00C8B8E2 /* MsDocument.cpp in Sources */ = {isa = PBXBuildFile; fileRef = 29E6D3D31A8C0C8F00C8B8E2 /* MsDocument.cpp */; };
		29E6D3D61A8C0C8F00C8B8E2 /* MsDocument.h in Headers */ = {isa = PBXBuildFile; fileRef = 29E6D3D41A8C0C8F00C8B8E2 /* MsDocument.h */; };
		29E6D3D91A8C0CF100C8B8E2 /* XpReader.cpp in Sources */ = {isa = PBXBuildFile; fileRef = 29E6D3D71A8C0CF100C8B8E2 /* XpReader.cpp */; };
		29E6D3DA1A8C0CF100C8B8E2 /* XpReader.h in Headers */ = {isa = PBXBuildFile; fileRef = 29E6D3D81A8C0CF100C8B8E2 /* XpReader.h */; };
		29E6D3DD1A8C0F4300C8B8E2 /* XpParse.cpp in Sources */ = {isa = PBXBuildFile; fileRef = 29E6D3DB1A8C0F4300C8B8E2 /* XpParse.cpp */; };
		29E6D3DE1A8C0F4300C8B8E2 /* XpParse.h in Headers */ = {isa = PBXBuildFile; fileRef = 29E6D3DC1A8C0F4300C8B8E2 /* XpParse.h */; };
		29E6D3E01A8C139E00C8B8E2 /* libDb.a in Frameworks */ = {isa = PBXBuildFile; fileRef = 29E6D3DF1A8C139E00C8B8E2 /* libDb.a */; };
		29E6D3E71A8C25DE00C8B8E2 /* MsItem.cpp in Sources */ = {isa = PBXBuildFile; fileRef = 29E6D3E51A8C25DE00C8B8E2 /* MsItem.cpp */; };
		29E6D3E81A8C25DE00C8B8E2 /* MsItem.h in Headers */ = {isa = PBXBuildFile; fileRef = 29E6D3E61A8C25DE00C8B8E2 /* MsItem.h */; };
/* End PBXBuildFile section */

/* Begin PBXFileReference section */
		2980BDEE1A8853F0008B0329 /* libXsd.a */ = {isa = PBXFileReference; explicitFileType = archive.ar; includeInIndex = 0; path = libXsd.a; sourceTree = BUILT_PRODUCTS_DIR; };
		2980BE551A88574E008B0329 /* musicxml.xsd */ = {isa = PBXFileReference; lastKnownFileType = text.xml; path = musicxml.xsd; sourceTree = "<group>"; };
		29AAB9391A888AF30027B7A1 /* MsItemKind.h */ = {isa = PBXFileReference; lastKnownFileType = sourcecode.c.h; path = MsItemKind.h; sourceTree = "<group>"; };
		29AAB93A1A888D420027B7A1 /* naming.md */ = {isa = PBXFileReference; lastKnownFileType = text; path = naming.md; sourceTree = "<group>"; };
		29E6D3C71A8BFDBA00C8B8E2 /* XpProperty.cpp */ = {isa = PBXFileReference; fileEncoding = 4; lastKnownFileType = sourcecode.cpp.cpp; path = XpProperty.cpp; sourceTree = "<group>"; };
		29E6D3C81A8BFDBA00C8B8E2 /* XpProperty.h */ = {isa = PBXFileReference; fileEncoding = 4; lastKnownFileType = sourcecode.c.h; path = XpProperty.h; sourceTree = "<group>"; };
		29E6D3C91A8BFDBA00C8B8E2 /* XpDom.cpp */ = {isa = PBXFileReference; fileEncoding = 4; lastKnownFileType = sourcecode.cpp.cpp; path = XpDom.cpp; sourceTree = "<group>"; };
		29E6D3CA1A8BFDBA00C8B8E2 /* XpDom.h */ = {isa = PBXFileReference; fileEncoding = 4; lastKnownFileType = sourcecode.c.h; path = XpDom.h; sourceTree = "<group>"; };
		29E6D3CB1A8BFDBA00C8B8E2 /* XpItem.cpp */ = {isa = PBXFileReference; fileEncoding = 4; lastKnownFileType = sourcecode.cpp.cpp; path = XpItem.cpp; sourceTree = "<group>"; };
		29E6D3CC1A8BFDBA00C8B8E2 /* XpItem.h */ = {isa = PBXFileReference; fileEncoding = 4; lastKnownFileType = sourcecode.c.h; path = XpItem.h; sourceTree = "<group>"; };
		29E6D3D31A8C0C8F00C8B8E2 /* MsDocument.cpp */ = {isa = PBXFileReference; fileEncoding = 4; lastKnownFileType = sourcecode.cpp.cpp; path = MsDocument.cpp; sourceTree = "<group>"; };
		29E6D3D41A8C0C8F00C8B8E2 /* MsDocument.h */ = {isa = PBXFileReference; fileEncoding = 4; lastKnownFileType = sourcecode.c.h; path = MsDocument.h; sourceTree = "<group>"; };
		29E6D3D71A8C0CF100C8B8E2 /* XpReader.cpp */ = {isa = PBXFileReference; fileEncoding = 4; lastKnownFileType = sourcecode.cpp.cpp; path = XpReader.cpp; sourceTree = "<group>"; };
		29E6D3D81A8C0CF100C8B8E2 /* XpReader.h */ = {isa = PBXFileReference; fileEncoding = 4; lastKnownFileType = sourcecode.c.h; path = XpReader.h; sourceTree = "<group>"; };
		29E6D3DB1A8C0F4300C8B8E2 /* XpParse.cpp */ = {isa = PBXFileReference; fileEncoding = 4; lastKnownFileType = sourcecode.cpp.cpp; path = XpParse.cpp; sourceTree = "<group>"; };
		29E6D3DC1A8C0F4300C8B8E2 /* XpParse.h */ = {isa = PBXFileReference; fileEncoding = 4; lastKnownFileType = sourcecode.c.h; path = XpParse.h; sourceTree = "<group>"; };
		29E6D3DF1A8C139E00C8B8E2 /* libDb.a */ = {isa = PBXFileReference; lastKnownFileType = archive.ar; name = libDb.a; path = ../Build/Products/Debug/libDb.a; sourceTree = "<group>"; };
		29E6D3E51A8C25DE00C8B8E2 /* MsItem.cpp */ = {isa = PBXFileReference; fileEncoding = 4; lastKnownFileType = sourcecode.cpp.cpp; path = MsItem.cpp; sourceTree = "<group>"; };
		29E6D3E61A8C25DE00C8B8E2 /* MsItem.h */ = {isa = PBXFileReference; fileEncoding = 4; lastKnownFileType = sourcecode.c.h; path = MsItem.h; sourceTree = "<group>"; };
/* End PBXFileReference section */

/* Begin PBXFrameworksBuildPhase section */
		2980BDEB1A8853F0008B0329 /* Frameworks */ = {
			isa = PBXFrameworksBuildPhase;
			buildActionMask = 2147483647;
			files = (
				29E6D3E01A8C139E00C8B8E2 /* libDb.a in Frameworks */,
			);
			runOnlyForDeploymentPostprocessing = 0;
		};
/* End PBXFrameworksBuildPhase section */

/* Begin PBXGroup section */
		2980BDE51A8853F0008B0329 = {
			isa = PBXGroup;
			children = (
				29E6D3D31A8C0C8F00C8B8E2 /* MsDocument.cpp */,
				29E6D3D41A8C0C8F00C8B8E2 /* MsDocument.h */,
				29E6D3E51A8C25DE00C8B8E2 /* MsItem.cpp */,
				29E6D3E61A8C25DE00C8B8E2 /* MsItem.h */,
				29AAB9391A888AF30027B7A1 /* MsItemKind.h */,
				2980BDEF1A8853F0008B0329 /* Products */,
				29E6D3E11A8C13C400C8B8E2 /* Stuff */,
				29E6D3C91A8BFDBA00C8B8E2 /* XpDom.cpp */,
				29E6D3CA1A8BFDBA00C8B8E2 /* XpDom.h */,
				29E6D3CB1A8BFDBA00C8B8E2 /* XpItem.cpp */,
				29E6D3CC1A8BFDBA00C8B8E2 /* XpItem.h */,
				29E6D3DB1A8C0F4300C8B8E2 /* XpParse.cpp */,
				29E6D3DC1A8C0F4300C8B8E2 /* XpParse.h */,
				29E6D3C71A8BFDBA00C8B8E2 /* XpProperty.cpp */,
				29E6D3C81A8BFDBA00C8B8E2 /* XpProperty.h */,
				29E6D3D71A8C0CF100C8B8E2 /* XpReader.cpp */,
				29E6D3D81A8C0CF100C8B8E2 /* XpReader.h */,
			);
			sourceTree = "<group>";
		};
		2980BDEF1A8853F0008B0329 /* Products */ = {
			isa = PBXGroup;
			children = (
				2980BDEE1A8853F0008B0329 /* libXsd.a */,
			);
			name = Products;
			sourceTree = "<group>";
		};
		29E6D3E11A8C13C400C8B8E2 /* Stuff */ = {
			isa = PBXGroup;
			children = (
				29E6D3DF1A8C139E00C8B8E2 /* libDb.a */,
				29AAB93A1A888D420027B7A1 /* naming.md */,
				2980BE551A88574E008B0329 /* musicxml.xsd */,
			);
			name = Stuff;
			sourceTree = "<group>";
		};
/* End PBXGroup section */

/* Begin PBXHeadersBuildPhase section */
		2980BDEC1A8853F0008B0329 /* Headers */ = {
			isa = PBXHeadersBuildPhase;
			buildActionMask = 2147483647;
			files = (
				29E6D3DE1A8C0F4300C8B8E2 /* XpParse.h in Headers */,
				29E6D3E81A8C25DE00C8B8E2 /* MsItem.h in Headers */,
				29E6D3D21A8BFDBA00C8B8E2 /* XpItem.h in Headers */,
				29E6D3D61A8C0C8F00C8B8E2 /* MsDocument.h in Headers */,
				29E6D3CE1A8BFDBA00C8B8E2 /* XpProperty.h in Headers */,
				29E6D3D01A8BFDBA00C8B8E2 /* XpDom.h in Headers */,
				29E6D3DA1A8C0CF100C8B8E2 /* XpReader.h in Headers */,
			);
			runOnlyForDeploymentPostprocessing = 0;
		};
/* End PBXHeadersBuildPhase section */

/* Begin PBXNativeTarget section */
		2980BDED1A8853F0008B0329 /* Xsd */ = {
			isa = PBXNativeTarget;
			buildConfigurationList = 2980BDF21A8853F0008B0329 /* Build configuration list for PBXNativeTarget "Xsd" */;
			buildPhases = (
				2980BDEA1A8853F0008B0329 /* Sources */,
				2980BDEB1A8853F0008B0329 /* Frameworks */,
				2980BDEC1A8853F0008B0329 /* Headers */,
			);
			buildRules = (
			);
			dependencies = (
			);
			name = Xsd;
			productName = Xsd;
			productReference = 2980BDEE1A8853F0008B0329 /* libXsd.a */;
			productType = "com.apple.product-type.library.static";
		};
/* End PBXNativeTarget section */

/* Begin PBXProject section */
		2980BDE61A8853F0008B0329 /* Project object */ = {
			isa = PBXProject;
			attributes = {
				LastUpgradeCheck = 0510;
				ORGANIZATIONNAME = "Matthew James Briggs";
			};
			buildConfigurationList = 2980BDE91A8853F0008B0329 /* Build configuration list for PBXProject "Xsd" */;
			compatibilityVersion = "Xcode 3.2";
			developmentRegion = English;
			hasScannedForEncodings = 0;
			knownRegions = (
				en,
			);
			mainGroup = 2980BDE51A8853F0008B0329;
			productRefGroup = 2980BDEF1A8853F0008B0329 /* Products */;
			projectDirPath = "";
			projectRoot = "";
			targets = (
				2980BDED1A8853F0008B0329 /* Xsd */,
			);
		};
/* End PBXProject section */

/* Begin PBXSourcesBuildPhase section */
		2980BDEA1A8853F0008B0329 /* Sources */ = {
			isa = PBXSourcesBuildPhase;
			buildActionMask = 2147483647;
			files = (
				29E6D3D11A8BFDBA00C8B8E2 /* XpItem.cpp in Sources */,
				29E6D3CF1A8BFDBA00C8B8E2 /* XpDom.cpp in Sources */,
				29E6D3D51A8C0C8F00C8B8E2 /* MsDocument.cpp in Sources */,
				29E6D3E71A8C25DE00C8B8E2 /* MsItem.cpp in Sources */,
				29E6D3DD1A8C0F4300C8B8E2 /* XpParse.cpp in Sources */,
				29E6D3D91A8C0CF100C8B8E2 /* XpReader.cpp in Sources */,
				29E6D3CD1A8BFDBA00C8B8E2 /* XpProperty.cpp in Sources */,
			);
			runOnlyForDeploymentPostprocessing = 0;
		};
/* End PBXSourcesBuildPhase section */

/* Begin XCBuildConfiguration section */
		2980BDF01A8853F0008B0329 /* Debug */ = {
			isa = XCBuildConfiguration;
			buildSettings = {
				ALWAYS_SEARCH_USER_PATHS = NO;
				CLANG_CXX_LANGUAGE_STANDARD = "gnu++0x";
				CLANG_CXX_LIBRARY = "libc++";
				CLANG_ENABLE_MODULES = YES;
				CLANG_ENABLE_OBJC_ARC = YES;
				CLANG_WARN_BOOL_CONVERSION = YES;
				CLANG_WARN_CONSTANT_CONVERSION = YES;
				CLANG_WARN_DIRECT_OBJC_ISA_USAGE = YES_ERROR;
				CLANG_WARN_EMPTY_BODY = YES;
				CLANG_WARN_ENUM_CONVERSION = YES;
				CLANG_WARN_INT_CONVERSION = YES;
				CLANG_WARN_OBJC_ROOT_CLASS = YES_ERROR;
				CLANG_WARN__DUPLICATE_METHOD_MATCH = YES;
				COPY_PHASE_STRIP = NO;
				GCC_C_LANGUAGE_STANDARD = gnu99;
				GCC_DYNAMIC_NO_PIC = NO;
				GCC_ENABLE_OBJC_EXCEPTIONS = YES;
				GCC_OPTIMIZATION_LEVEL = 0;
				GCC_PREPROCESSOR_DEFINITIONS = (
					"DEBUG=1",
					"$(inherited)",
				);
				GCC_SYMBOLS_PRIVATE_EXTERN = NO;
				GCC_WARN_64_TO_32_BIT_CONVERSION = YES;
				GCC_WARN_ABOUT_RETURN_TYPE = YES_ERROR;
				GCC_WARN_UNDECLARED_SELECTOR = YES;
				GCC_WARN_UNINITIALIZED_AUTOS = YES_AGGRESSIVE;
				GCC_WARN_UNUSED_FUNCTION = YES;
				GCC_WARN_UNUSED_VARIABLE = YES;
				MACOSX_DEPLOYMENT_TARGET = 10.9;
				ONLY_ACTIVE_ARCH = YES;
				SDKROOT = macosx;
				USER_HEADER_SEARCH_PATHS = ../;
			};
			name = Debug;
		};
		2980BDF11A8853F0008B0329 /* Release */ = {
			isa = XCBuildConfiguration;
			buildSettings = {
				ALWAYS_SEARCH_USER_PATHS = NO;
				CLANG_CXX_LANGUAGE_STANDARD = "gnu++0x";
				CLANG_CXX_LIBRARY = "libc++";
				CLANG_ENABLE_MODULES = YES;
				CLANG_ENABLE_OBJC_ARC = YES;
				CLANG_WARN_BOOL_CONVERSION = YES;
				CLANG_WARN_CONSTANT_CONVERSION = YES;
				CLANG_WARN_DIRECT_OBJC_ISA_USAGE = YES_ERROR;
				CLANG_WARN_EMPTY_BODY = YES;
				CLANG_WARN_ENUM_CONVERSION = YES;
				CLANG_WARN_INT_CONVERSION = YES;
				CLANG_WARN_OBJC_ROOT_CLASS = YES_ERROR;
				CLANG_WARN__DUPLICATE_METHOD_MATCH = YES;
				COPY_PHASE_STRIP = YES;
				DEBUG_INFORMATION_FORMAT = "dwarf-with-dsym";
				ENABLE_NS_ASSERTIONS = NO;
				GCC_C_LANGUAGE_STANDARD = gnu99;
				GCC_ENABLE_OBJC_EXCEPTIONS = YES;
				GCC_WARN_64_TO_32_BIT_CONVERSION = YES;
				GCC_WARN_ABOUT_RETURN_TYPE = YES_ERROR;
				GCC_WARN_UNDECLARED_SELECTOR = YES;
				GCC_WARN_UNINITIALIZED_AUTOS = YES_AGGRESSIVE;
				GCC_WARN_UNUSED_FUNCTION = YES;
				GCC_WARN_UNUSED_VARIABLE = YES;
				MACOSX_DEPLOYMENT_TARGET = 10.9;
				SDKROOT = macosx;
				USER_HEADER_SEARCH_PATHS = ../;
			};
			name = Release;
		};
		2980BDF31A8853F0008B0329 /* Debug */ = {
			isa = XCBuildConfiguration;
			buildSettings = {
				EXECUTABLE_PREFIX = lib;
				LIBRARY_SEARCH_PATHS = (
					"$(inherited)",
					/Volumes/MusikPlatz/Build/Products/Debug,
				);
				PRODUCT_NAME = "$(TARGET_NAME)";
				USER_HEADER_SEARCH_PATHS = "../**";
			};
			name = Debug;
		};
		2980BDF41A8853F0008B0329 /* Release */ = {
			isa = XCBuildConfiguration;
			buildSettings = {
				EXECUTABLE_PREFIX = lib;
				LIBRARY_SEARCH_PATHS = (
					"$(inherited)",
					/Volumes/MusikPlatz/Build/Products/Debug,
				);
				PRODUCT_NAME = "$(TARGET_NAME)";
				USER_HEADER_SEARCH_PATHS = "../**";
			};
			name = Release;
		};
/* End XCBuildConfiguration section */

/* Begin XCConfigurationList section */
		2980BDE91A8853F0008B0329 /* Build configuration list for PBXProject "Xsd" */ = {
			isa = XCConfigurationList;
			buildConfigurations = (
				2980BDF01A8853F0008B0329 /* Debug */,
				2980BDF11A8853F0008B0329 /* Release */,
			);
			defaultConfigurationIsVisible = 0;
			defaultConfigurationName = Release;
		};
		2980BDF21A8853F0008B0329 /* Build configuration list for PBXNativeTarget "Xsd" */ = {
			isa = XCConfigurationList;
			buildConfigurations = (
				2980BDF31A8853F0008B0329 /* Debug */,
				2980BDF41A8853F0008B0329 /* Release */,
			);
			defaultConfigurationIsVisible = 0;
			defaultConfigurationName = Release;
		};
/* End XCConfigurationList section */
	};
	rootObject = 2980BDE61A8853F0008B0329 /* Project object */;
}
