// !$*UTF8*$!
{
	archiveVersion = 1;
	classes = {
	};
	objectVersion = 46;
	objects = {

/* Begin PBXBuildFile section */
		290D7C171AA397950081FBB5 /* MsItemAttribute.cpp in Sources */ = {isa = PBXBuildFile; fileRef = 290D7C151AA397950081FBB5 /* MsItemAttribute.cpp */; };
		290D7C181AA397950081FBB5 /* MsItemAttribute.h in Headers */ = {isa = PBXBuildFile; fileRef = 290D7C161AA397950081FBB5 /* MsItemAttribute.h */; };
		29200EB91AA43582000E3E37 /* MsItemElement.cpp in Sources */ = {isa = PBXBuildFile; fileRef = 29200EB71AA43582000E3E37 /* MsItemElement.cpp */; };
		29200EBA1AA43582000E3E37 /* MsItemElement.h in Headers */ = {isa = PBXBuildFile; fileRef = 29200EB81AA43582000E3E37 /* MsItemElement.h */; };
		29546F051A9AA95D008C1E0E /* MsItemSimpleType.cpp in Sources */ = {isa = PBXBuildFile; fileRef = 29546F031A9AA95D008C1E0E /* MsItemSimpleType.cpp */; };
		29546F061A9AA95D008C1E0E /* MsItemSimpleType.h in Headers */ = {isa = PBXBuildFile; fileRef = 29546F041A9AA95D008C1E0E /* MsItemSimpleType.h */; };
		298B475E1A9B9D000014CAED /* MsItemEnumValue.cpp in Sources */ = {isa = PBXBuildFile; fileRef = 298B475C1A9B9D000014CAED /* MsItemEnumValue.cpp */; };
		298B475F1A9B9D000014CAED /* MsItemEnumValue.h in Headers */ = {isa = PBXBuildFile; fileRef = 298B475D1A9B9D000014CAED /* MsItemEnumValue.h */; };
		29A884F61A9D5DA900F417CE /* MsItemSimpleTypeDecimal.cpp in Sources */ = {isa = PBXBuildFile; fileRef = 29A884F41A9D5DA900F417CE /* MsItemSimpleTypeDecimal.cpp */; };
		29A884F71A9D5DA900F417CE /* MsItemSimpleTypeDecimal.h in Headers */ = {isa = PBXBuildFile; fileRef = 29A884F51A9D5DA900F417CE /* MsItemSimpleTypeDecimal.h */; };
		29CA12651A9C3FCC008DCCFA /* setIsImplemented.cpp in Sources */ = {isa = PBXBuildFile; fileRef = 29CA12631A9C3FCC008DCCFA /* setIsImplemented.cpp */; };
		29CA12661A9C3FCC008DCCFA /* setIsImplemented.h in Headers */ = {isa = PBXBuildFile; fileRef = 29CA12641A9C3FCC008DCCFA /* setIsImplemented.h */; };
		29CA12691A9C447B008DCCFA /* MsItemSimpleTypeInteger.cpp in Sources */ = {isa = PBXBuildFile; fileRef = 29CA12671A9C447B008DCCFA /* MsItemSimpleTypeInteger.cpp */; };
		29CA126A1A9C447B008DCCFA /* MsItemSimpleTypeInteger.h in Headers */ = {isa = PBXBuildFile; fileRef = 29CA12681A9C447B008DCCFA /* MsItemSimpleTypeInteger.h */; };
		29D10B7E1A9B9EFE00F03CE6 /* isCppKeyword.cpp in Sources */ = {isa = PBXBuildFile; fileRef = 29D10B7D1A9B9EFE00F03CE6 /* isCppKeyword.cpp */; };
		29D10B811A9BA3E200F03CE6 /* numcharToWord.cpp in Sources */ = {isa = PBXBuildFile; fileRef = 29D10B7F1A9BA3E200F03CE6 /* numcharToWord.cpp */; };
		29D10B821A9BA3E200F03CE6 /* numcharToWord.h in Headers */ = {isa = PBXBuildFile; fileRef = 29D10B801A9BA3E200F03CE6 /* numcharToWord.h */; };
		29D10B851A9BA5C800F03CE6 /* camelCase.cpp in Sources */ = {isa = PBXBuildFile; fileRef = 29D10B831A9BA5C800F03CE6 /* camelCase.cpp */; };
		29D10B861A9BA5C800F03CE6 /* camelCase.h in Headers */ = {isa = PBXBuildFile; fileRef = 29D10B841A9BA5C800F03CE6 /* camelCase.h */; };
		29D10B8A1A9BA8EA00F03CE6 /* MsItemSimpleTypeEnum.cpp in Sources */ = {isa = PBXBuildFile; fileRef = 29D10B881A9BA8EA00F03CE6 /* MsItemSimpleTypeEnum.cpp */; };
		29D10B8B1A9BA8EA00F03CE6 /* MsItemSimpleTypeEnum.h in Headers */ = {isa = PBXBuildFile; fileRef = 29D10B891A9BA8EA00F03CE6 /* MsItemSimpleTypeEnum.h */; };
		29D10B951A9BCCBE00F03CE6 /* enumsH.cpp in Sources */ = {isa = PBXBuildFile; fileRef = 29D10B941A9BCCBE00F03CE6 /* enumsH.cpp */; };
		29D10B981A9BCD4700F03CE6 /* tab.cpp in Sources */ = {isa = PBXBuildFile; fileRef = 29D10B961A9BCD4700F03CE6 /* tab.cpp */; };
		29D10B991A9BCD4700F03CE6 /* tab.h in Headers */ = {isa = PBXBuildFile; fileRef = 29D10B971A9BCD4700F03CE6 /* tab.h */; };
		29D10B9C1A9BD5BB00F03CE6 /* end.cpp in Sources */ = {isa = PBXBuildFile; fileRef = 29D10B9A1A9BD5BB00F03CE6 /* end.cpp */; };
		29D10B9D1A9BD5BB00F03CE6 /* end.h in Headers */ = {isa = PBXBuildFile; fileRef = 29D10B9B1A9BD5BB00F03CE6 /* end.h */; };
		29D10BA31A9BE05200F03CE6 /* enumsCpp.cpp in Sources */ = {isa = PBXBuildFile; fileRef = 29D10BA11A9BE05200F03CE6 /* enumsCpp.cpp */; };
		29D10BA41A9BE05200F03CE6 /* enumsCpp.h in Headers */ = {isa = PBXBuildFile; fileRef = 29D10BA21A9BE05200F03CE6 /* enumsCpp.h */; };
		29D10BA71A9BE9D800F03CE6 /* enumsTest.cpp in Sources */ = {isa = PBXBuildFile; fileRef = 29D10BA51A9BE9D800F03CE6 /* enumsTest.cpp */; };
		29D10BA81A9BE9D800F03CE6 /* enumsTest.h in Headers */ = {isa = PBXBuildFile; fileRef = 29D10BA61A9BE9D800F03CE6 /* enumsTest.h */; };
		29E6D3CD1A8BFDBA00C8B8E2 /* XpProperty.cpp in Sources */ = {isa = PBXBuildFile; fileRef = 29E6D3C71A8BFDBA00C8B8E2 /* XpProperty.cpp */; };
		29E6D3CE1A8BFDBA00C8B8E2 /* XpProperty.h in Headers */ = {isa = PBXBuildFile; fileRef = 29E6D3C81A8BFDBA00C8B8E2 /* XpProperty.h */; };
		29E6D3CF1A8BFDBA00C8B8E2 /* XpDom.cpp in Sources */ = {isa = PBXBuildFile; fileRef = 29E6D3C91A8BFDBA00C8B8E2 /* XpDom.cpp */; };
		29E6D3D01A8BFDBA00C8B8E2 /* XpDom.h in Headers */ = {isa = PBXBuildFile; fileRef = 29E6D3CA1A8BFDBA00C8B8E2 /* XpDom.h */; };
		29E6D3D11A8BFDBA00C8B8E2 /* XpItem.cpp in Sources */ = {isa = PBXBuildFile; fileRef = 29E6D3CB1A8BFDBA00C8B8E2 /* XpItem.cpp */; };
		29E6D3D21A8BFDBA00C8B8E2 /* XpItem.h in Headers */ = {isa = PBXBuildFile; fileRef = 29E6D3CC1A8BFDBA00C8B8E2 /* XpItem.h */; };
		29E6D3D51A8C0C8F00C8B8E2 /* MsItemWeb.cpp in Sources */ = {isa = PBXBuildFile; fileRef = 29E6D3D31A8C0C8F00C8B8E2 /* MsItemWeb.cpp */; };
		29E6D3D61A8C0C8F00C8B8E2 /* MsitemWeb.h in Headers */ = {isa = PBXBuildFile; fileRef = 29E6D3D41A8C0C8F00C8B8E2 /* MsitemWeb.h */; };
		29E6D3D91A8C0CF100C8B8E2 /* XpReader.cpp in Sources */ = {isa = PBXBuildFile; fileRef = 29E6D3D71A8C0CF100C8B8E2 /* XpReader.cpp */; };
		29E6D3DA1A8C0CF100C8B8E2 /* XpReader.h in Headers */ = {isa = PBXBuildFile; fileRef = 29E6D3D81A8C0CF100C8B8E2 /* XpReader.h */; };
		29E6D3DD1A8C0F4300C8B8E2 /* XpParse.cpp in Sources */ = {isa = PBXBuildFile; fileRef = 29E6D3DB1A8C0F4300C8B8E2 /* XpParse.cpp */; };
		29E6D3DE1A8C0F4300C8B8E2 /* XpParse.h in Headers */ = {isa = PBXBuildFile; fileRef = 29E6D3DC1A8C0F4300C8B8E2 /* XpParse.h */; };
		29E6D3E01A8C139E00C8B8E2 /* libDb.a in Frameworks */ = {isa = PBXBuildFile; fileRef = 29E6D3DF1A8C139E00C8B8E2 /* libDb.a */; };
		29E6D3E71A8C25DE00C8B8E2 /* MsItem.cpp in Sources */ = {isa = PBXBuildFile; fileRef = 29E6D3E51A8C25DE00C8B8E2 /* MsItem.cpp */; };
		29E6D3E81A8C25DE00C8B8E2 /* MsItem.h in Headers */ = {isa = PBXBuildFile; fileRef = 29E6D3E61A8C25DE00C8B8E2 /* MsItem.h */; };
/* End PBXBuildFile section */

/* Begin PBXFileReference section */
		290D7C151AA397950081FBB5 /* MsItemAttribute.cpp */ = {isa = PBXFileReference; fileEncoding = 4; lastKnownFileType = sourcecode.cpp.cpp; path = MsItemAttribute.cpp; sourceTree = "<group>"; };
		290D7C161AA397950081FBB5 /* MsItemAttribute.h */ = {isa = PBXFileReference; fileEncoding = 4; lastKnownFileType = sourcecode.c.h; path = MsItemAttribute.h; sourceTree = "<group>"; };
		29200EB71AA43582000E3E37 /* MsItemElement.cpp */ = {isa = PBXFileReference; fileEncoding = 4; lastKnownFileType = sourcecode.cpp.cpp; path = MsItemElement.cpp; sourceTree = "<group>"; };
		29200EB81AA43582000E3E37 /* MsItemElement.h */ = {isa = PBXFileReference; fileEncoding = 4; lastKnownFileType = sourcecode.c.h; path = MsItemElement.h; sourceTree = "<group>"; };
		2935A6F41AB5F76F002859CA /* codegenEmptyElementWithAttributesTest.h */ = {isa = PBXFileReference; lastKnownFileType = sourcecode.c.h; path = codegenEmptyElementWithAttributesTest.h; sourceTree = "<group>"; };
		29546F031A9AA95D008C1E0E /* MsItemSimpleType.cpp */ = {isa = PBXFileReference; fileEncoding = 4; lastKnownFileType = sourcecode.cpp.cpp; path = MsItemSimpleType.cpp; sourceTree = "<group>"; };
		29546F041A9AA95D008C1E0E /* MsItemSimpleType.h */ = {isa = PBXFileReference; fileEncoding = 4; lastKnownFileType = sourcecode.c.h; path = MsItemSimpleType.h; sourceTree = "<group>"; };
		2977496A1AB211F400BF2205 /* codegenValueElementNoAttributes.h */ = {isa = PBXFileReference; lastKnownFileType = sourcecode.c.h; path = codegenValueElementNoAttributes.h; sourceTree = "<group>"; };
		2980BDEE1A8853F0008B0329 /* libXsd.a */ = {isa = PBXFileReference; explicitFileType = archive.ar; includeInIndex = 0; path = libXsd.a; sourceTree = BUILT_PRODUCTS_DIR; };
		2980BE551A88574E008B0329 /* musicxml.xsd */ = {isa = PBXFileReference; lastKnownFileType = text.xml; path = musicxml.xsd; sourceTree = "<group>"; };
		298B475C1A9B9D000014CAED /* MsItemEnumValue.cpp */ = {isa = PBXFileReference; fileEncoding = 4; lastKnownFileType = sourcecode.cpp.cpp; path = MsItemEnumValue.cpp; sourceTree = "<group>"; };
		298B475D1A9B9D000014CAED /* MsItemEnumValue.h */ = {isa = PBXFileReference; fileEncoding = 4; lastKnownFileType = sourcecode.c.h; path = MsItemEnumValue.h; sourceTree = "<group>"; };
		299CFC121AA78918009881B9 /* codegenValueElement.h */ = {isa = PBXFileReference; lastKnownFileType = sourcecode.c.h; path = codegenValueElement.h; sourceTree = "<group>"; };
		29A884F41A9D5DA900F417CE /* MsItemSimpleTypeDecimal.cpp */ = {isa = PBXFileReference; fileEncoding = 4; lastKnownFileType = sourcecode.cpp.cpp; path = MsItemSimpleTypeDecimal.cpp; sourceTree = "<group>"; };
		29A884F51A9D5DA900F417CE /* MsItemSimpleTypeDecimal.h */ = {isa = PBXFileReference; fileEncoding = 4; lastKnownFileType = sourcecode.c.h; path = MsItemSimpleTypeDecimal.h; sourceTree = "<group>"; };
		29AAB9391A888AF30027B7A1 /* MsItemKind.h */ = {isa = PBXFileReference; lastKnownFileType = sourcecode.c.h; path = MsItemKind.h; sourceTree = "<group>"; };
		29AAB93A1A888D420027B7A1 /* naming.md */ = {isa = PBXFileReference; lastKnownFileType = text; path = naming.md; sourceTree = "<group>"; };
		29AFF26F1AB54A90005E0E3D /* codegenEmptyElementWithAttributesH.h */ = {isa = PBXFileReference; lastKnownFileType = sourcecode.c.h; path = codegenEmptyElementWithAttributesH.h; sourceTree = "<group>"; };
		29AFF2701AB54AAB005E0E3D /* codegenEmptyElementWithAttributesCpp.h */ = {isa = PBXFileReference; lastKnownFileType = sourcecode.c.h; path = codegenEmptyElementWithAttributesCpp.h; sourceTree = "<group>"; };
		29B1BA491A9AAB800058E7D8 /* MsItemSimpleTypeKind.h */ = {isa = PBXFileReference; lastKnownFileType = sourcecode.c.h; path = MsItemSimpleTypeKind.h; sourceTree = "<group>"; };
		29CA12631A9C3FCC008DCCFA /* setIsImplemented.cpp */ = {isa = PBXFileReference; fileEncoding = 4; lastKnownFileType = sourcecode.cpp.cpp; path = setIsImplemented.cpp; sourceTree = "<group>"; };
		29CA12641A9C3FCC008DCCFA /* setIsImplemented.h */ = {isa = PBXFileReference; fileEncoding = 4; lastKnownFileType = sourcecode.c.h; path = setIsImplemented.h; sourceTree = "<group>"; };
		29CA12671A9C447B008DCCFA /* MsItemSimpleTypeInteger.cpp */ = {isa = PBXFileReference; fileEncoding = 4; lastKnownFileType = sourcecode.cpp.cpp; path = MsItemSimpleTypeInteger.cpp; sourceTree = "<group>"; };
		29CA12681A9C447B008DCCFA /* MsItemSimpleTypeInteger.h */ = {isa = PBXFileReference; fileEncoding = 4; lastKnownFileType = sourcecode.c.h; path = MsItemSimpleTypeInteger.h; sourceTree = "<group>"; };
		29CEB4B21AB4EE3B00D6AEFC /* codegenAttributesStructH.h */ = {isa = PBXFileReference; lastKnownFileType = sourcecode.c.h; path = codegenAttributesStructH.h; sourceTree = "<group>"; };
		29CEB4B31AB4EFEF00D6AEFC /* codegenAttributesStructCpp.h */ = {isa = PBXFileReference; lastKnownFileType = sourcecode.c.h; path = codegenAttributesStructCpp.h; sourceTree = "<group>"; };
		29D10B7C1A9B9ED100F03CE6 /* isCppKeyword.h */ = {isa = PBXFileReference; lastKnownFileType = sourcecode.c.h; path = isCppKeyword.h; sourceTree = "<group>"; };
		29D10B7D1A9B9EFE00F03CE6 /* isCppKeyword.cpp */ = {isa = PBXFileReference; fileEncoding = 4; lastKnownFileType = sourcecode.cpp.cpp; path = isCppKeyword.cpp; sourceTree = "<group>"; };
		29D10B7F1A9BA3E200F03CE6 /* numcharToWord.cpp */ = {isa = PBXFileReference; fileEncoding = 4; lastKnownFileType = sourcecode.cpp.cpp; path = numcharToWord.cpp; sourceTree = "<group>"; };
		29D10B801A9BA3E200F03CE6 /* numcharToWord.h */ = {isa = PBXFileReference; fileEncoding = 4; lastKnownFileType = sourcecode.c.h; path = numcharToWord.h; sourceTree = "<group>"; };
		29D10B831A9BA5C800F03CE6 /* camelCase.cpp */ = {isa = PBXFileReference; fileEncoding = 4; lastKnownFileType = sourcecode.cpp.cpp; path = camelCase.cpp; sourceTree = "<group>"; };
		29D10B841A9BA5C800F03CE6 /* camelCase.h */ = {isa = PBXFileReference; fileEncoding = 4; lastKnownFileType = sourcecode.c.h; path = camelCase.h; sourceTree = "<group>"; };
		29D10B881A9BA8EA00F03CE6 /* MsItemSimpleTypeEnum.cpp */ = {isa = PBXFileReference; fileEncoding = 4; lastKnownFileType = sourcecode.cpp.cpp; path = MsItemSimpleTypeEnum.cpp; sourceTree = "<group>"; };
		29D10B891A9BA8EA00F03CE6 /* MsItemSimpleTypeEnum.h */ = {isa = PBXFileReference; fileEncoding = 4; lastKnownFileType = sourcecode.c.h; path = MsItemSimpleTypeEnum.h; sourceTree = "<group>"; };
		29D10B931A9BCCB500F03CE6 /* enumsH.h */ = {isa = PBXFileReference; lastKnownFileType = sourcecode.c.h; path = enumsH.h; sourceTree = "<group>"; };
		29D10B941A9BCCBE00F03CE6 /* enumsH.cpp */ = {isa = PBXFileReference; fileEncoding = 4; lastKnownFileType = sourcecode.cpp.cpp; path = enumsH.cpp; sourceTree = "<group>"; };
		29D10B961A9BCD4700F03CE6 /* tab.cpp */ = {isa = PBXFileReference; fileEncoding = 4; lastKnownFileType = sourcecode.cpp.cpp; path = tab.cpp; sourceTree = "<group>"; };
		29D10B971A9BCD4700F03CE6 /* tab.h */ = {isa = PBXFileReference; fileEncoding = 4; lastKnownFileType = sourcecode.c.h; path = tab.h; sourceTree = "<group>"; };
		29D10B9A1A9BD5BB00F03CE6 /* end.cpp */ = {isa = PBXFileReference; fileEncoding = 4; lastKnownFileType = sourcecode.cpp.cpp; path = end.cpp; sourceTree = "<group>"; };
		29D10B9B1A9BD5BB00F03CE6 /* end.h */ = {isa = PBXFileReference; fileEncoding = 4; lastKnownFileType = sourcecode.c.h; path = end.h; sourceTree = "<group>"; };
		29D10BA11A9BE05200F03CE6 /* enumsCpp.cpp */ = {isa = PBXFileReference; fileEncoding = 4; lastKnownFileType = sourcecode.cpp.cpp; path = enumsCpp.cpp; sourceTree = "<group>"; };
		29D10BA21A9BE05200F03CE6 /* enumsCpp.h */ = {isa = PBXFileReference; fileEncoding = 4; lastKnownFileType = sourcecode.c.h; path = enumsCpp.h; sourceTree = "<group>"; };
		29D10BA51A9BE9D800F03CE6 /* enumsTest.cpp */ = {isa = PBXFileReference; fileEncoding = 4; lastKnownFileType = sourcecode.cpp.cpp; path = enumsTest.cpp; sourceTree = "<group>"; };
		29D10BA61A9BE9D800F03CE6 /* enumsTest.h */ = {isa = PBXFileReference; fileEncoding = 4; lastKnownFileType = sourcecode.c.h; path = enumsTest.h; sourceTree = "<group>"; };
		29E6D3C71A8BFDBA00C8B8E2 /* XpProperty.cpp */ = {isa = PBXFileReference; fileEncoding = 4; lastKnownFileType = sourcecode.cpp.cpp; path = XpProperty.cpp; sourceTree = "<group>"; };
		29E6D3C81A8BFDBA00C8B8E2 /* XpProperty.h */ = {isa = PBXFileReference; fileEncoding = 4; lastKnownFileType = sourcecode.c.h; path = XpProperty.h; sourceTree = "<group>"; };
		29E6D3C91A8BFDBA00C8B8E2 /* XpDom.cpp */ = {isa = PBXFileReference; fileEncoding = 4; lastKnownFileType = sourcecode.cpp.cpp; path = XpDom.cpp; sourceTree = "<group>"; };
		29E6D3CA1A8BFDBA00C8B8E2 /* XpDom.h */ = {isa = PBXFileReference; fileEncoding = 4; lastKnownFileType = sourcecode.c.h; path = XpDom.h; sourceTree = "<group>"; };
		29E6D3CB1A8BFDBA00C8B8E2 /* XpItem.cpp */ = {isa = PBXFileReference; fileEncoding = 4; lastKnownFileType = sourcecode.cpp.cpp; path = XpItem.cpp; sourceTree = "<group>"; };
		29E6D3CC1A8BFDBA00C8B8E2 /* XpItem.h */ = {isa = PBXFileReference; fileEncoding = 4; lastKnownFileType = sourcecode.c.h; path = XpItem.h; sourceTree = "<group>"; };
		29E6D3D31A8C0C8F00C8B8E2 /* MsItemWeb.cpp */ = {isa = PBXFileReference; fileEncoding = 4; lastKnownFileType = sourcecode.cpp.cpp; path = MsItemWeb.cpp; sourceTree = "<group>"; };
		29E6D3D41A8C0C8F00C8B8E2 /* MsitemWeb.h */ = {isa = PBXFileReference; fileEncoding = 4; lastKnownFileType = sourcecode.c.h; path = MsitemWeb.h; sourceTree = "<group>"; };
		29E6D3D71A8C0CF100C8B8E2 /* XpReader.cpp */ = {isa = PBXFileReference; fileEncoding = 4; lastKnownFileType = sourcecode.cpp.cpp; path = XpReader.cpp; sourceTree = "<group>"; };
		29E6D3D81A8C0CF100C8B8E2 /* XpReader.h */ = {isa = PBXFileReference; fileEncoding = 4; lastKnownFileType = sourcecode.c.h; path = XpReader.h; sourceTree = "<group>"; };
		29E6D3DB1A8C0F4300C8B8E2 /* XpParse.cpp */ = {isa = PBXFileReference; fileEncoding = 4; lastKnownFileType = sourcecode.cpp.cpp; path = XpParse.cpp; sourceTree = "<group>"; };
		29E6D3DC1A8C0F4300C8B8E2 /* XpParse.h */ = {isa = PBXFileReference; fileEncoding = 4; lastKnownFileType = sourcecode.c.h; path = XpParse.h; sourceTree = "<group>"; };
		29E6D3DF1A8C139E00C8B8E2 /* libDb.a */ = {isa = PBXFileReference; lastKnownFileType = archive.ar; name = libDb.a; path = ../Build/Products/Debug/libDb.a; sourceTree = "<group>"; };
		29E6D3E51A8C25DE00C8B8E2 /* MsItem.cpp */ = {isa = PBXFileReference; fileEncoding = 4; lastKnownFileType = sourcecode.cpp.cpp; path = MsItem.cpp; sourceTree = "<group>"; };
		29E6D3E61A8C25DE00C8B8E2 /* MsItem.h */ = {isa = PBXFileReference; fileEncoding = 4; lastKnownFileType = sourcecode.c.h; path = MsItem.h; sourceTree = "<group>"; };
/* End PBXFileReference section */

/* Begin PBXFrameworksBuildPhase section */
		2980BDEB1A8853F0008B0329 /* Frameworks */ = {
			isa = PBXFrameworksBuildPhase;
			buildActionMask = 2147483647;
			files = (
				29E6D3E01A8C139E00C8B8E2 /* libDb.a in Frameworks */,
			);
			runOnlyForDeploymentPostprocessing = 0;
		};
/* End PBXFrameworksBuildPhase section */

/* Begin PBXGroup section */
		2980BDE51A8853F0008B0329 = {
			isa = PBXGroup;
			children = (
				29D10B871A9BA8C100F03CE6 /* Functions */,
				29E6D3E51A8C25DE00C8B8E2 /* MsItem.cpp */,
				29E6D3E61A8C25DE00C8B8E2 /* MsItem.h */,
				290D7C151AA397950081FBB5 /* MsItemAttribute.cpp */,
				290D7C161AA397950081FBB5 /* MsItemAttribute.h */,
				29200EB71AA43582000E3E37 /* MsItemElement.cpp */,
				29200EB81AA43582000E3E37 /* MsItemElement.h */,
				298B475C1A9B9D000014CAED /* MsItemEnumValue.cpp */,
				298B475D1A9B9D000014CAED /* MsItemEnumValue.h */,
				29AAB9391A888AF30027B7A1 /* MsItemKind.h */,
				29546F031A9AA95D008C1E0E /* MsItemSimpleType.cpp */,
				29546F041A9AA95D008C1E0E /* MsItemSimpleType.h */,
				29A884F41A9D5DA900F417CE /* MsItemSimpleTypeDecimal.cpp */,
				29A884F51A9D5DA900F417CE /* MsItemSimpleTypeDecimal.h */,
				29D10B881A9BA8EA00F03CE6 /* MsItemSimpleTypeEnum.cpp */,
				29D10B891A9BA8EA00F03CE6 /* MsItemSimpleTypeEnum.h */,
				29CA12671A9C447B008DCCFA /* MsItemSimpleTypeInteger.cpp */,
				29CA12681A9C447B008DCCFA /* MsItemSimpleTypeInteger.h */,
				29B1BA491A9AAB800058E7D8 /* MsItemSimpleTypeKind.h */,
				29E6D3D31A8C0C8F00C8B8E2 /* MsItemWeb.cpp */,
				29E6D3D41A8C0C8F00C8B8E2 /* MsitemWeb.h */,
				2980BDEF1A8853F0008B0329 /* Products */,
				29E6D3E11A8C13C400C8B8E2 /* Stuff */,
				29E6D3C91A8BFDBA00C8B8E2 /* XpDom.cpp */,
				29E6D3CA1A8BFDBA00C8B8E2 /* XpDom.h */,
				29E6D3CB1A8BFDBA00C8B8E2 /* XpItem.cpp */,
				29E6D3CC1A8BFDBA00C8B8E2 /* XpItem.h */,
				29E6D3DB1A8C0F4300C8B8E2 /* XpParse.cpp */,
				29E6D3DC1A8C0F4300C8B8E2 /* XpParse.h */,
				29E6D3C71A8BFDBA00C8B8E2 /* XpProperty.cpp */,
				29E6D3C81A8BFDBA00C8B8E2 /* XpProperty.h */,
				29E6D3D71A8C0CF100C8B8E2 /* XpReader.cpp */,
				29E6D3D81A8C0CF100C8B8E2 /* XpReader.h */,
			);
			sourceTree = "<group>";
		};
		2980BDEF1A8853F0008B0329 /* Products */ = {
			isa = PBXGroup;
			children = (
				2980BDEE1A8853F0008B0329 /* libXsd.a */,
			);
			name = Products;
			sourceTree = "<group>";
		};
		29D10B871A9BA8C100F03CE6 /* Functions */ = {
			isa = PBXGroup;
			children = (
				29D10B831A9BA5C800F03CE6 /* camelCase.cpp */,
				29D10B841A9BA5C800F03CE6 /* camelCase.h */,
				299CFC121AA78918009881B9 /* codegenValueElement.h */,
				29D10B9A1A9BD5BB00F03CE6 /* end.cpp */,
				29D10B9B1A9BD5BB00F03CE6 /* end.h */,
				29D10BA11A9BE05200F03CE6 /* enumsCpp.cpp */,
				29D10BA21A9BE05200F03CE6 /* enumsCpp.h */,
				29D10B941A9BCCBE00F03CE6 /* enumsH.cpp */,
				29D10B931A9BCCB500F03CE6 /* enumsH.h */,
				29D10BA51A9BE9D800F03CE6 /* enumsTest.cpp */,
				29D10BA61A9BE9D800F03CE6 /* enumsTest.h */,
				29D10B7D1A9B9EFE00F03CE6 /* isCppKeyword.cpp */,
				29D10B7C1A9B9ED100F03CE6 /* isCppKeyword.h */,
				29D10B7F1A9BA3E200F03CE6 /* numcharToWord.cpp */,
				29D10B801A9BA3E200F03CE6 /* numcharToWord.h */,
				29CA12631A9C3FCC008DCCFA /* setIsImplemented.cpp */,
				29CA12641A9C3FCC008DCCFA /* setIsImplemented.h */,
				29D10B961A9BCD4700F03CE6 /* tab.cpp */,
				29D10B971A9BCD4700F03CE6 /* tab.h */,
				2977496A1AB211F400BF2205 /* codegenValueElementNoAttributes.h */,
				29CEB4B21AB4EE3B00D6AEFC /* codegenAttributesStructH.h */,
				29CEB4B31AB4EFEF00D6AEFC /* codegenAttributesStructCpp.h */,
				29AFF26F1AB54A90005E0E3D /* codegenEmptyElementWithAttributesH.h */,
				29AFF2701AB54AAB005E0E3D /* codegenEmptyElementWithAttributesCpp.h */,
				2935A6F41AB5F76F002859CA /* codegenEmptyElementWithAttributesTest.h */,
			);
			name = Functions;
			sourceTree = "<group>";
		};
		29E6D3E11A8C13C400C8B8E2 /* Stuff */ = {
			isa = PBXGroup;
			children = (
				29E6D3DF1A8C139E00C8B8E2 /* libDb.a */,
				29AAB93A1A888D420027B7A1 /* naming.md */,
				2980BE551A88574E008B0329 /* musicxml.xsd */,
			);
			name = Stuff;
			sourceTree = "<group>";
		};
/* End PBXGroup section */

/* Begin PBXHeadersBuildPhase section */
		2980BDEC1A8853F0008B0329 /* Headers */ = {
			isa = PBXHeadersBuildPhase;
			buildActionMask = 2147483647;
			files = (
				29E6D3DE1A8C0F4300C8B8E2 /* XpParse.h in Headers */,
				29E6D3E81A8C25DE00C8B8E2 /* MsItem.h in Headers */,
				29A884F71A9D5DA900F417CE /* MsItemSimpleTypeDecimal.h in Headers */,
				29D10B9D1A9BD5BB00F03CE6 /* end.h in Headers */,
				29D10B821A9BA3E200F03CE6 /* numcharToWord.h in Headers */,
				29D10B991A9BCD4700F03CE6 /* tab.h in Headers */,
				29E6D3D21A8BFDBA00C8B8E2 /* XpItem.h in Headers */,
				29D10B861A9BA5C800F03CE6 /* camelCase.h in Headers */,
				29546F061A9AA95D008C1E0E /* MsItemSimpleType.h in Headers */,
				29D10B8B1A9BA8EA00F03CE6 /* MsItemSimpleTypeEnum.h in Headers */,
				29CA12661A9C3FCC008DCCFA /* setIsImplemented.h in Headers */,
				29D10BA81A9BE9D800F03CE6 /* enumsTest.h in Headers */,
				29E6D3D61A8C0C8F00C8B8E2 /* MsitemWeb.h in Headers */,
				29D10BA41A9BE05200F03CE6 /* enumsCpp.h in Headers */,
				290D7C181AA397950081FBB5 /* MsItemAttribute.h in Headers */,
				29200EBA1AA43582000E3E37 /* MsItemElement.h in Headers */,
				298B475F1A9B9D000014CAED /* MsItemEnumValue.h in Headers */,
				29CA126A1A9C447B008DCCFA /* MsItemSimpleTypeInteger.h in Headers */,
				29E6D3CE1A8BFDBA00C8B8E2 /* XpProperty.h in Headers */,
				29E6D3D01A8BFDBA00C8B8E2 /* XpDom.h in Headers */,
				29E6D3DA1A8C0CF100C8B8E2 /* XpReader.h in Headers */,
			);
			runOnlyForDeploymentPostprocessing = 0;
		};
/* End PBXHeadersBuildPhase section */

/* Begin PBXNativeTarget section */
		2980BDED1A8853F0008B0329 /* Xsd */ = {
			isa = PBXNativeTarget;
			buildConfigurationList = 2980BDF21A8853F0008B0329 /* Build configuration list for PBXNativeTarget "Xsd" */;
			buildPhases = (
				2980BDEA1A8853F0008B0329 /* Sources */,
				2980BDEB1A8853F0008B0329 /* Frameworks */,
				2980BDEC1A8853F0008B0329 /* Headers */,
			);
			buildRules = (
			);
			dependencies = (
			);
			name = Xsd;
			productName = Xsd;
			productReference = 2980BDEE1A8853F0008B0329 /* libXsd.a */;
			productType = "com.apple.product-type.library.static";
		};
/* End PBXNativeTarget section */

/* Begin PBXProject section */
		2980BDE61A8853F0008B0329 /* Project object */ = {
			isa = PBXProject;
			attributes = {
				LastUpgradeCheck = 0510;
				ORGANIZATIONNAME = "Matthew James Briggs";
			};
			buildConfigurationList = 2980BDE91A8853F0008B0329 /* Build configuration list for PBXProject "Xsd" */;
			compatibilityVersion = "Xcode 3.2";
			developmentRegion = English;
			hasScannedForEncodings = 0;
			knownRegions = (
				en,
			);
			mainGroup = 2980BDE51A8853F0008B0329;
			productRefGroup = 2980BDEF1A8853F0008B0329 /* Products */;
			projectDirPath = "";
			projectRoot = "";
			targets = (
				2980BDED1A8853F0008B0329 /* Xsd */,
			);
		};
/* End PBXProject section */

/* Begin PBXSourcesBuildPhase section */
		2980BDEA1A8853F0008B0329 /* Sources */ = {
			isa = PBXSourcesBuildPhase;
			buildActionMask = 2147483647;
			files = (
				29D10B951A9BCCBE00F03CE6 /* enumsH.cpp in Sources */,
				29CA12651A9C3FCC008DCCFA /* setIsImplemented.cpp in Sources */,
				29546F051A9AA95D008C1E0E /* MsItemSimpleType.cpp in Sources */,
				29E6D3D11A8BFDBA00C8B8E2 /* XpItem.cpp in Sources */,
				29E6D3CF1A8BFDBA00C8B8E2 /* XpDom.cpp in Sources */,
				29CA12691A9C447B008DCCFA /* MsItemSimpleTypeInteger.cpp in Sources */,
				29D10B811A9BA3E200F03CE6 /* numcharToWord.cpp in Sources */,
				29D10B851A9BA5C800F03CE6 /* camelCase.cpp in Sources */,
				29E6D3D51A8C0C8F00C8B8E2 /* MsItemWeb.cpp in Sources */,
				29D10B8A1A9BA8EA00F03CE6 /* MsItemSimpleTypeEnum.cpp in Sources */,
				298B475E1A9B9D000014CAED /* MsItemEnumValue.cpp in Sources */,
				29D10B981A9BCD4700F03CE6 /* tab.cpp in Sources */,
				29E6D3E71A8C25DE00C8B8E2 /* MsItem.cpp in Sources */,
				29D10B7E1A9B9EFE00F03CE6 /* isCppKeyword.cpp in Sources */,
				29E6D3DD1A8C0F4300C8B8E2 /* XpParse.cpp in Sources */,
				290D7C171AA397950081FBB5 /* MsItemAttribute.cpp in Sources */,
				29A884F61A9D5DA900F417CE /* MsItemSimpleTypeDecimal.cpp in Sources */,
				29D10BA31A9BE05200F03CE6 /* enumsCpp.cpp in Sources */,
				29200EB91AA43582000E3E37 /* MsItemElement.cpp in Sources */,
				29E6D3D91A8C0CF100C8B8E2 /* XpReader.cpp in Sources */,
				29E6D3CD1A8BFDBA00C8B8E2 /* XpProperty.cpp in Sources */,
				29D10BA71A9BE9D800F03CE6 /* enumsTest.cpp in Sources */,
				29D10B9C1A9BD5BB00F03CE6 /* end.cpp in Sources */,
			);
			runOnlyForDeploymentPostprocessing = 0;
		};
/* End PBXSourcesBuildPhase section */

/* Begin XCBuildConfiguration section */
		2980BDF01A8853F0008B0329 /* Debug */ = {
			isa = XCBuildConfiguration;
			buildSettings = {
				ALWAYS_SEARCH_USER_PATHS = NO;
				CLANG_CXX_LANGUAGE_STANDARD = "c++0x";
				CLANG_CXX_LIBRARY = "libc++";
				CLANG_ENABLE_MODULES = YES;
				CLANG_ENABLE_OBJC_ARC = YES;
				CLANG_WARN_BOOL_CONVERSION = YES;
				CLANG_WARN_CONSTANT_CONVERSION = YES;
				CLANG_WARN_DIRECT_OBJC_ISA_USAGE = YES_ERROR;
				CLANG_WARN_EMPTY_BODY = YES;
				CLANG_WARN_ENUM_CONVERSION = YES;
				CLANG_WARN_INT_CONVERSION = YES;
				CLANG_WARN_OBJC_ROOT_CLASS = YES_ERROR;
				CLANG_WARN__DUPLICATE_METHOD_MATCH = YES;
				COPY_PHASE_STRIP = NO;
				DEBUG_INFORMATION_FORMAT = "dwarf-with-dsym";
				GCC_C_LANGUAGE_STANDARD = gnu99;
				GCC_DYNAMIC_NO_PIC = NO;
				GCC_ENABLE_OBJC_EXCEPTIONS = YES;
				GCC_OPTIMIZATION_LEVEL = 0;
				GCC_PREPROCESSOR_DEFINITIONS = (
					"DEBUG=1",
					"$(inherited)",
				);
				GCC_SYMBOLS_PRIVATE_EXTERN = NO;
				GCC_WARN_64_TO_32_BIT_CONVERSION = YES;
				GCC_WARN_ABOUT_RETURN_TYPE = YES_ERROR;
				GCC_WARN_UNDECLARED_SELECTOR = YES;
				GCC_WARN_UNINITIALIZED_AUTOS = YES_AGGRESSIVE;
				GCC_WARN_UNUSED_FUNCTION = YES;
				GCC_WARN_UNUSED_VARIABLE = YES;
				MACOSX_DEPLOYMENT_TARGET = 10.9;
				ONLY_ACTIVE_ARCH = YES;
				SDKROOT = macosx;
				USER_HEADER_SEARCH_PATHS = ../;
			};
			name = Debug;
		};
		2980BDF11A8853F0008B0329 /* Release */ = {
			isa = XCBuildConfiguration;
			buildSettings = {
				ALWAYS_SEARCH_USER_PATHS = NO;
				CLANG_CXX_LANGUAGE_STANDARD = "c++0x";
				CLANG_CXX_LIBRARY = "libc++";
				CLANG_ENABLE_MODULES = YES;
				CLANG_ENABLE_OBJC_ARC = YES;
				CLANG_WARN_BOOL_CONVERSION = YES;
				CLANG_WARN_CONSTANT_CONVERSION = YES;
				CLANG_WARN_DIRECT_OBJC_ISA_USAGE = YES_ERROR;
				CLANG_WARN_EMPTY_BODY = YES;
				CLANG_WARN_ENUM_CONVERSION = YES;
				CLANG_WARN_INT_CONVERSION = YES;
				CLANG_WARN_OBJC_ROOT_CLASS = YES_ERROR;
				CLANG_WARN__DUPLICATE_METHOD_MATCH = YES;
				COPY_PHASE_STRIP = NO;
				DEBUG_INFORMATION_FORMAT = "dwarf-with-dsym";
				ENABLE_NS_ASSERTIONS = NO;
				GCC_C_LANGUAGE_STANDARD = gnu99;
				GCC_ENABLE_OBJC_EXCEPTIONS = YES;
				GCC_OPTIMIZATION_LEVEL = 0;
				GCC_WARN_64_TO_32_BIT_CONVERSION = YES;
				GCC_WARN_ABOUT_RETURN_TYPE = YES_ERROR;
				GCC_WARN_UNDECLARED_SELECTOR = YES;
				GCC_WARN_UNINITIALIZED_AUTOS = YES_AGGRESSIVE;
				GCC_WARN_UNUSED_FUNCTION = YES;
				GCC_WARN_UNUSED_VARIABLE = YES;
				MACOSX_DEPLOYMENT_TARGET = 10.9;
				SDKROOT = macosx;
				USER_HEADER_SEARCH_PATHS = ../;
			};
			name = Release;
		};
		2980BDF31A8853F0008B0329 /* Debug */ = {
			isa = XCBuildConfiguration;
			buildSettings = {
				EXECUTABLE_PREFIX = lib;
				LIBRARY_SEARCH_PATHS = (
					"$(inherited)",
					/Volumes/MusikPlatz/Build/Products/Debug,
				);
				PRODUCT_NAME = "$(TARGET_NAME)";
				USER_HEADER_SEARCH_PATHS = "../**";
			};
			name = Debug;
		};
		2980BDF41A8853F0008B0329 /* Release */ = {
			isa = XCBuildConfiguration;
			buildSettings = {
				EXECUTABLE_PREFIX = lib;
				LIBRARY_SEARCH_PATHS = (
					"$(inherited)",
					/Volumes/MusikPlatz/Build/Products/Debug,
				);
				PRODUCT_NAME = "$(TARGET_NAME)";
				USER_HEADER_SEARCH_PATHS = "../**";
			};
			name = Release;
		};
/* End XCBuildConfiguration section */

/* Begin XCConfigurationList section */
		2980BDE91A8853F0008B0329 /* Build configuration list for PBXProject "Xsd" */ = {
			isa = XCConfigurationList;
			buildConfigurations = (
				2980BDF01A8853F0008B0329 /* Debug */,
				2980BDF11A8853F0008B0329 /* Release */,
			);
			defaultConfigurationIsVisible = 0;
			defaultConfigurationName = Release;
		};
		2980BDF21A8853F0008B0329 /* Build configuration list for PBXNativeTarget "Xsd" */ = {
			isa = XCConfigurationList;
			buildConfigurations = (
				2980BDF31A8853F0008B0329 /* Debug */,
				2980BDF41A8853F0008B0329 /* Release */,
			);
			defaultConfigurationIsVisible = 0;
			defaultConfigurationName = Release;
		};
/* End XCConfigurationList section */
	};
	rootObject = 2980BDE61A8853F0008B0329 /* Project object */;
}
