// !$*UTF8*$!
{
	archiveVersion = 1;
	classes = {
	};
	objectVersion = 46;
	objects = {

/* Begin PBXBuildFile section */
		297804FF1AEA217200B346B8 /* main.cpp in Sources */ = {isa = PBXBuildFile; fileRef = 297804FE1AEA217200B346B8 /* main.cpp */; };
		297805091AEA21F300B346B8 /* libMx.a in Frameworks */ = {isa = PBXBuildFile; fileRef = 297805081AEA21F300B346B8 /* libMx.a */; };
/* End PBXBuildFile section */

/* Begin PBXCopyFilesBuildPhase section */
		297804F91AEA217200B346B8 /* CopyFiles */ = {
			isa = PBXCopyFilesBuildPhase;
			buildActionMask = 2147483647;
			dstPath = /usr/share/man/man1/;
			dstSubfolderSpec = 0;
			files = (
			);
			runOnlyForDeploymentPostprocessing = 1;
		};
/* End PBXCopyFilesBuildPhase section */

/* Begin PBXFileReference section */
		297804FB1AEA217200B346B8 /* MxSample */ = {isa = PBXFileReference; explicitFileType = "compiled.mach-o.executable"; includeInIndex = 0; path = MxSample; sourceTree = BUILT_PRODUCTS_DIR; };
		297804FE1AEA217200B346B8 /* main.cpp */ = {isa = PBXFileReference; lastKnownFileType = sourcecode.cpp.cpp; path = main.cpp; sourceTree = "<group>"; };
		297805071AEA218F00B346B8 /* Functions.h */ = {isa = PBXFileReference; lastKnownFileType = sourcecode.c.h; path = Functions.h; sourceTree = "<group>"; };
		297805081AEA21F300B346B8 /* libMx.a */ = {isa = PBXFileReference; lastKnownFileType = archive.ar; name = libMx.a; path = ../Build/Products/Debug/libMx.a; sourceTree = "<group>"; };
/* End PBXFileReference section */

/* Begin PBXFrameworksBuildPhase section */
		297804F81AEA217200B346B8 /* Frameworks */ = {
			isa = PBXFrameworksBuildPhase;
			buildActionMask = 2147483647;
			files = (
				297805091AEA21F300B346B8 /* libMx.a in Frameworks */,
			);
			runOnlyForDeploymentPostprocessing = 0;
		};
/* End PBXFrameworksBuildPhase section */

/* Begin PBXGroup section */
		297804F21AEA217200B346B8 = {
			isa = PBXGroup;
			children = (
				297805081AEA21F300B346B8 /* libMx.a */,
				297804FD1AEA217200B346B8 /* MxSample */,
				297804FC1AEA217200B346B8 /* Products */,
			);
			sourceTree = "<group>";
		};
		297804FC1AEA217200B346B8 /* Products */ = {
			isa = PBXGroup;
			children = (
				297804FB1AEA217200B346B8 /* MxSample */,
			);
			name = Products;
			sourceTree = "<group>";
		};
		297804FD1AEA217200B346B8 /* MxSample */ = {
			isa = PBXGroup;
			children = (
				297804FE1AEA217200B346B8 /* main.cpp */,
				297805071AEA218F00B346B8 /* Functions.h */,
			);
			path = MxSample;
			sourceTree = "<group>";
		};
/* End PBXGroup section */

/* Begin PBXNativeTarget section */
		297804FA1AEA217200B346B8 /* MxSample */ = {
			isa = PBXNativeTarget;
			buildConfigurationList = 297805041AEA217200B346B8 /* Build configuration list for PBXNativeTarget "MxSample" */;
			buildPhases = (
				297804F71AEA217200B346B8 /* Sources */,
				297804F81AEA217200B346B8 /* Frameworks */,
				297804F91AEA217200B346B8 /* CopyFiles */,
			);
			buildRules = (
			);
			dependencies = (
			);
			name = MxSample;
			productName = MxSample;
			productReference = 297804FB1AEA217200B346B8 /* MxSample */;
			productType = "com.apple.product-type.tool";
		};
/* End PBXNativeTarget section */

/* Begin PBXProject section */
		297804F31AEA217200B346B8 /* Project object */ = {
			isa = PBXProject;
			attributes = {
				LastUpgradeCheck = 0510;
				ORGANIZATIONNAME = "Matthew James Briggs";
			};
			buildConfigurationList = 297804F61AEA217200B346B8 /* Build configuration list for PBXProject "MxSample" */;
			compatibilityVersion = "Xcode 3.2";
			developmentRegion = English;
			hasScannedForEncodings = 0;
			knownRegions = (
				en,
			);
			mainGroup = 297804F21AEA217200B346B8;
			productRefGroup = 297804FC1AEA217200B346B8 /* Products */;
			projectDirPath = "";
			projectRoot = "";
			targets = (
				297804FA1AEA217200B346B8 /* MxSample */,
			);
		};
/* End PBXProject section */

/* Begin PBXSourcesBuildPhase section */
		297804F71AEA217200B346B8 /* Sources */ = {
			isa = PBXSourcesBuildPhase;
			buildActionMask = 2147483647;
			files = (
				297804FF1AEA217200B346B8 /* main.cpp in Sources */,
			);
			runOnlyForDeploymentPostprocessing = 0;
		};
/* End PBXSourcesBuildPhase section */

/* Begin XCBuildConfiguration section */
		297805021AEA217200B346B8 /* Debug */ = {
			isa = XCBuildConfiguration;
			buildSettings = {
				ALWAYS_SEARCH_USER_PATHS = NO;
				CLANG_CXX_LANGUAGE_STANDARD = "gnu++0x";
				CLANG_CXX_LIBRARY = "libc++";
				CLANG_ENABLE_MODULES = YES;
				CLANG_ENABLE_OBJC_ARC = YES;
				CLANG_WARN_BOOL_CONVERSION = YES;
				CLANG_WARN_CONSTANT_CONVERSION = YES;
				CLANG_WARN_DIRECT_OBJC_ISA_USAGE = YES_ERROR;
				CLANG_WARN_EMPTY_BODY = YES;
				CLANG_WARN_ENUM_CONVERSION = YES;
				CLANG_WARN_INT_CONVERSION = YES;
				CLANG_WARN_OBJC_ROOT_CLASS = YES_ERROR;
				CLANG_WARN__DUPLICATE_METHOD_MATCH = YES;
				COPY_PHASE_STRIP = NO;
				GCC_C_LANGUAGE_STANDARD = gnu99;
				GCC_DYNAMIC_NO_PIC = NO;
				GCC_ENABLE_OBJC_EXCEPTIONS = YES;
				GCC_OPTIMIZATION_LEVEL = 0;
				GCC_PREPROCESSOR_DEFINITIONS = (
					"DEBUG=1",
					"$(inherited)",
				);
				GCC_SYMBOLS_PRIVATE_EXTERN = NO;
				GCC_WARN_64_TO_32_BIT_CONVERSION = YES;
				GCC_WARN_ABOUT_RETURN_TYPE = YES_ERROR;
				GCC_WARN_UNDECLARED_SELECTOR = YES;
				GCC_WARN_UNINITIALIZED_AUTOS = YES_AGGRESSIVE;
				GCC_WARN_UNUSED_FUNCTION = YES;
				GCC_WARN_UNUSED_VARIABLE = YES;
				MACOSX_DEPLOYMENT_TARGET = 10.9;
				ONLY_ACTIVE_ARCH = YES;
				SDKROOT = macosx;
				USER_HEADER_SEARCH_PATHS = "../Mx/**";
			};
			name = Debug;
		};
		297805031AEA217200B346B8 /* Release */ = {
			isa = XCBuildConfiguration;
			buildSettings = {
				ALWAYS_SEARCH_USER_PATHS = NO;
				CLANG_CXX_LANGUAGE_STANDARD = "gnu++0x";
				CLANG_CXX_LIBRARY = "libc++";
				CLANG_ENABLE_MODULES = YES;
				CLANG_ENABLE_OBJC_ARC = YES;
				CLANG_WARN_BOOL_CONVERSION = YES;
				CLANG_WARN_CONSTANT_CONVERSION = YES;
				CLANG_WARN_DIRECT_OBJC_ISA_USAGE = YES_ERROR;
				CLANG_WARN_EMPTY_BODY = YES;
				CLANG_WARN_ENUM_CONVERSION = YES;
				CLANG_WARN_INT_CONVERSION = YES;
				CLANG_WARN_OBJC_ROOT_CLASS = YES_ERROR;
				CLANG_WARN__DUPLICATE_METHOD_MATCH = YES;
				COPY_PHASE_STRIP = YES;
				DEBUG_INFORMATION_FORMAT = "dwarf-with-dsym";
				ENABLE_NS_ASSERTIONS = NO;
				GCC_C_LANGUAGE_STANDARD = gnu99;
				GCC_ENABLE_OBJC_EXCEPTIONS = YES;
				GCC_WARN_64_TO_32_BIT_CONVERSION = YES;
				GCC_WARN_ABOUT_RETURN_TYPE = YES_ERROR;
				GCC_WARN_UNDECLARED_SELECTOR = YES;
				GCC_WARN_UNINITIALIZED_AUTOS = YES_AGGRESSIVE;
				GCC_WARN_UNUSED_FUNCTION = YES;
				GCC_WARN_UNUSED_VARIABLE = YES;
				MACOSX_DEPLOYMENT_TARGET = 10.9;
				SDKROOT = macosx;
				USER_HEADER_SEARCH_PATHS = "../Mx/**";
			};
			name = Release;
		};
		297805051AEA217200B346B8 /* Debug */ = {
			isa = XCBuildConfiguration;
			buildSettings = {
				LIBRARY_SEARCH_PATHS = (
					"$(inherited)",
					/Volumes/MusikPlatz/Build/Products/Debug,
				);
				PRODUCT_NAME = "$(TARGET_NAME)";
			};
			name = Debug;
		};
		297805061AEA217200B346B8 /* Release */ = {
			isa = XCBuildConfiguration;
			buildSettings = {
				LIBRARY_SEARCH_PATHS = (
					"$(inherited)",
					/Volumes/MusikPlatz/Build/Products/Debug,
				);
				PRODUCT_NAME = "$(TARGET_NAME)";
			};
			name = Release;
		};
/* End XCBuildConfiguration section */

/* Begin XCConfigurationList section */
		297804F61AEA217200B346B8 /* Build configuration list for PBXProject "MxSample" */ = {
			isa = XCConfigurationList;
			buildConfigurations = (
				297805021AEA217200B346B8 /* Debug */,
				297805031AEA217200B346B8 /* Release */,
			);
			defaultConfigurationIsVisible = 0;
			defaultConfigurationName = Release;
		};
		297805041AEA217200B346B8 /* Build configuration list for PBXNativeTarget "MxSample" */ = {
			isa = XCConfigurationList;
			buildConfigurations = (
				297805051AEA217200B346B8 /* Debug */,
				297805061AEA217200B346B8 /* Release */,
			);
			defaultConfigurationIsVisible = 0;
		};
/* End XCConfigurationList section */
	};
	rootObject = 297804F31AEA217200B346B8 /* Project object */;
}
