// !$*UTF8*$!
{
	archiveVersion = 1;
	classes = {
	};
	objectVersion = 46;
	objects = {

/* Begin PBXBuildFile section */
		2983241E1A964144009ADAA5 /* FileInfo.cpp in Sources */ = {isa = PBXBuildFile; fileRef = 2983241A1A964144009ADAA5 /* FileInfo.cpp */; };
		2983241F1A964144009ADAA5 /* FileInfo.h in Headers */ = {isa = PBXBuildFile; fileRef = 2983241B1A964144009ADAA5 /* FileInfo.h */; };
		298324201A964144009ADAA5 /* fileStream.h in Headers */ = {isa = PBXBuildFile; fileRef = 2983241C1A964144009ADAA5 /* fileStream.h */; };
		298324211A964144009ADAA5 /* FileToCharVector.h in Headers */ = {isa = PBXBuildFile; fileRef = 2983241D1A964144009ADAA5 /* FileToCharVector.h */; };
		298324241A964426009ADAA5 /* Directory.cpp in Sources */ = {isa = PBXBuildFile; fileRef = 298324221A964426009ADAA5 /* Directory.cpp */; };
		298324251A964426009ADAA5 /* Directory.h in Headers */ = {isa = PBXBuildFile; fileRef = 298324231A964426009ADAA5 /* Directory.h */; };
		298324281A9647F3009ADAA5 /* FileName.cpp in Sources */ = {isa = PBXBuildFile; fileRef = 298324261A9647F3009ADAA5 /* FileName.cpp */; };
		298324291A9647F3009ADAA5 /* FileName.h in Headers */ = {isa = PBXBuildFile; fileRef = 298324271A9647F3009ADAA5 /* FileName.h */; };
/* End PBXBuildFile section */

/* Begin PBXFileReference section */
		298324131A9640E6009ADAA5 /* libFile.a */ = {isa = PBXFileReference; explicitFileType = archive.ar; includeInIndex = 0; path = libFile.a; sourceTree = BUILT_PRODUCTS_DIR; };
		2983241A1A964144009ADAA5 /* FileInfo.cpp */ = {isa = PBXFileReference; fileEncoding = 4; lastKnownFileType = sourcecode.cpp.cpp; name = FileInfo.cpp; path = ../../mpltzOther/Legacy/Xparse/FileInfo.cpp; sourceTree = "<group>"; };
		2983241B1A964144009ADAA5 /* FileInfo.h */ = {isa = PBXFileReference; fileEncoding = 4; lastKnownFileType = sourcecode.c.h; name = FileInfo.h; path = ../../mpltzOther/Legacy/Xparse/FileInfo.h; sourceTree = "<group>"; };
		2983241C1A964144009ADAA5 /* fileStream.h */ = {isa = PBXFileReference; fileEncoding = 4; lastKnownFileType = sourcecode.c.h; name = fileStream.h; path = ../../mpltzOther/Legacy/Xparse/fileStream.h; sourceTree = "<group>"; };
		2983241D1A964144009ADAA5 /* FileToCharVector.h */ = {isa = PBXFileReference; fileEncoding = 4; lastKnownFileType = sourcecode.c.h; name = FileToCharVector.h; path = ../../mpltzOther/Legacy/Xparse/FileToCharVector.h; sourceTree = "<group>"; };
		298324221A964426009ADAA5 /* Directory.cpp */ = {isa = PBXFileReference; fileEncoding = 4; lastKnownFileType = sourcecode.cpp.cpp; path = Directory.cpp; sourceTree = "<group>"; };
		298324231A964426009ADAA5 /* Directory.h */ = {isa = PBXFileReference; fileEncoding = 4; lastKnownFileType = sourcecode.c.h; path = Directory.h; sourceTree = "<group>"; };
		298324261A9647F3009ADAA5 /* FileName.cpp */ = {isa = PBXFileReference; fileEncoding = 4; lastKnownFileType = sourcecode.cpp.cpp; path = FileName.cpp; sourceTree = "<group>"; };
		298324271A9647F3009ADAA5 /* FileName.h */ = {isa = PBXFileReference; fileEncoding = 4; lastKnownFileType = sourcecode.c.h; path = FileName.h; sourceTree = "<group>"; };
/* End PBXFileReference section */

/* Begin PBXFrameworksBuildPhase section */
		298324101A9640E6009ADAA5 /* Frameworks */ = {
			isa = PBXFrameworksBuildPhase;
			buildActionMask = 2147483647;
			files = (
			);
			runOnlyForDeploymentPostprocessing = 0;
		};
/* End PBXFrameworksBuildPhase section */

/* Begin PBXGroup section */
		2983240A1A9640E6009ADAA5 = {
			isa = PBXGroup;
			children = (
				298324261A9647F3009ADAA5 /* FileName.cpp */,
				298324271A9647F3009ADAA5 /* FileName.h */,
				298324221A964426009ADAA5 /* Directory.cpp */,
				298324231A964426009ADAA5 /* Directory.h */,
				2983241A1A964144009ADAA5 /* FileInfo.cpp */,
				2983241B1A964144009ADAA5 /* FileInfo.h */,
				2983241C1A964144009ADAA5 /* fileStream.h */,
				2983241D1A964144009ADAA5 /* FileToCharVector.h */,
				298324141A9640E6009ADAA5 /* Products */,
			);
			sourceTree = "<group>";
		};
		298324141A9640E6009ADAA5 /* Products */ = {
			isa = PBXGroup;
			children = (
				298324131A9640E6009ADAA5 /* libFile.a */,
			);
			name = Products;
			sourceTree = "<group>";
		};
/* End PBXGroup section */

/* Begin PBXHeadersBuildPhase section */
		298324111A9640E6009ADAA5 /* Headers */ = {
			isa = PBXHeadersBuildPhase;
			buildActionMask = 2147483647;
			files = (
				298324291A9647F3009ADAA5 /* FileName.h in Headers */,
				298324201A964144009ADAA5 /* fileStream.h in Headers */,
				298324211A964144009ADAA5 /* FileToCharVector.h in Headers */,
				298324251A964426009ADAA5 /* Directory.h in Headers */,
				2983241F1A964144009ADAA5 /* FileInfo.h in Headers */,
			);
			runOnlyForDeploymentPostprocessing = 0;
		};
/* End PBXHeadersBuildPhase section */

/* Begin PBXNativeTarget section */
		298324121A9640E6009ADAA5 /* File */ = {
			isa = PBXNativeTarget;
			buildConfigurationList = 298324171A9640E6009ADAA5 /* Build configuration list for PBXNativeTarget "File" */;
			buildPhases = (
				2983240F1A9640E6009ADAA5 /* Sources */,
				298324101A9640E6009ADAA5 /* Frameworks */,
				298324111A9640E6009ADAA5 /* Headers */,
			);
			buildRules = (
			);
			dependencies = (
			);
			name = File;
			productName = File;
			productReference = 298324131A9640E6009ADAA5 /* libFile.a */;
			productType = "com.apple.product-type.library.static";
		};
/* End PBXNativeTarget section */

/* Begin PBXProject section */
		2983240B1A9640E6009ADAA5 /* Project object */ = {
			isa = PBXProject;
			attributes = {
				LastUpgradeCheck = 0510;
				ORGANIZATIONNAME = "Matthew James Briggs";
			};
			buildConfigurationList = 2983240E1A9640E6009ADAA5 /* Build configuration list for PBXProject "File" */;
			compatibilityVersion = "Xcode 3.2";
			developmentRegion = English;
			hasScannedForEncodings = 0;
			knownRegions = (
				en,
			);
			mainGroup = 2983240A1A9640E6009ADAA5;
			productRefGroup = 298324141A9640E6009ADAA5 /* Products */;
			projectDirPath = "";
			projectRoot = "";
			targets = (
				298324121A9640E6009ADAA5 /* File */,
			);
		};
/* End PBXProject section */

/* Begin PBXSourcesBuildPhase section */
		2983240F1A9640E6009ADAA5 /* Sources */ = {
			isa = PBXSourcesBuildPhase;
			buildActionMask = 2147483647;
			files = (
				298324281A9647F3009ADAA5 /* FileName.cpp in Sources */,
				2983241E1A964144009ADAA5 /* FileInfo.cpp in Sources */,
				298324241A964426009ADAA5 /* Directory.cpp in Sources */,
			);
			runOnlyForDeploymentPostprocessing = 0;
		};
/* End PBXSourcesBuildPhase section */

/* Begin XCBuildConfiguration section */
		298324151A9640E6009ADAA5 /* Debug */ = {
			isa = XCBuildConfiguration;
			buildSettings = {
				ALWAYS_SEARCH_USER_PATHS = NO;
				CLANG_CXX_LANGUAGE_STANDARD = "gnu++0x";
				CLANG_CXX_LIBRARY = "libc++";
				CLANG_ENABLE_MODULES = YES;
				CLANG_ENABLE_OBJC_ARC = YES;
				CLANG_WARN_BOOL_CONVERSION = YES;
				CLANG_WARN_CONSTANT_CONVERSION = YES;
				CLANG_WARN_DIRECT_OBJC_ISA_USAGE = YES_ERROR;
				CLANG_WARN_EMPTY_BODY = YES;
				CLANG_WARN_ENUM_CONVERSION = YES;
				CLANG_WARN_INT_CONVERSION = YES;
				CLANG_WARN_OBJC_ROOT_CLASS = YES_ERROR;
				CLANG_WARN__DUPLICATE_METHOD_MATCH = YES;
				COPY_PHASE_STRIP = NO;
				GCC_C_LANGUAGE_STANDARD = gnu99;
				GCC_DYNAMIC_NO_PIC = NO;
				GCC_ENABLE_OBJC_EXCEPTIONS = YES;
				GCC_OPTIMIZATION_LEVEL = 0;
				GCC_PREPROCESSOR_DEFINITIONS = (
					"DEBUG=1",
					"$(inherited)",
				);
				GCC_SYMBOLS_PRIVATE_EXTERN = NO;
				GCC_WARN_64_TO_32_BIT_CONVERSION = YES;
				GCC_WARN_ABOUT_RETURN_TYPE = YES_ERROR;
				GCC_WARN_UNDECLARED_SELECTOR = YES;
				GCC_WARN_UNINITIALIZED_AUTOS = YES_AGGRESSIVE;
				GCC_WARN_UNUSED_FUNCTION = YES;
				GCC_WARN_UNUSED_VARIABLE = YES;
				MACOSX_DEPLOYMENT_TARGET = 10.9;
				ONLY_ACTIVE_ARCH = YES;
				SDKROOT = macosx;
			};
			name = Debug;
		};
		298324161A9640E6009ADAA5 /* Release */ = {
			isa = XCBuildConfiguration;
			buildSettings = {
				ALWAYS_SEARCH_USER_PATHS = NO;
				CLANG_CXX_LANGUAGE_STANDARD = "gnu++0x";
				CLANG_CXX_LIBRARY = "libc++";
				CLANG_ENABLE_MODULES = YES;
				CLANG_ENABLE_OBJC_ARC = YES;
				CLANG_WARN_BOOL_CONVERSION = YES;
				CLANG_WARN_CONSTANT_CONVERSION = YES;
				CLANG_WARN_DIRECT_OBJC_ISA_USAGE = YES_ERROR;
				CLANG_WARN_EMPTY_BODY = YES;
				CLANG_WARN_ENUM_CONVERSION = YES;
				CLANG_WARN_INT_CONVERSION = YES;
				CLANG_WARN_OBJC_ROOT_CLASS = YES_ERROR;
				CLANG_WARN__DUPLICATE_METHOD_MATCH = YES;
				COPY_PHASE_STRIP = YES;
				DEBUG_INFORMATION_FORMAT = "dwarf-with-dsym";
				ENABLE_NS_ASSERTIONS = NO;
				GCC_C_LANGUAGE_STANDARD = gnu99;
				GCC_ENABLE_OBJC_EXCEPTIONS = YES;
				GCC_WARN_64_TO_32_BIT_CONVERSION = YES;
				GCC_WARN_ABOUT_RETURN_TYPE = YES_ERROR;
				GCC_WARN_UNDECLARED_SELECTOR = YES;
				GCC_WARN_UNINITIALIZED_AUTOS = YES_AGGRESSIVE;
				GCC_WARN_UNUSED_FUNCTION = YES;
				GCC_WARN_UNUSED_VARIABLE = YES;
				MACOSX_DEPLOYMENT_TARGET = 10.9;
				SDKROOT = macosx;
			};
			name = Release;
		};
		298324181A9640E6009ADAA5 /* Debug */ = {
			isa = XCBuildConfiguration;
			buildSettings = {
				EXECUTABLE_PREFIX = lib;
				PRODUCT_NAME = "$(TARGET_NAME)";
			};
			name = Debug;
		};
		298324191A9640E6009ADAA5 /* Release */ = {
			isa = XCBuildConfiguration;
			buildSettings = {
				EXECUTABLE_PREFIX = lib;
				PRODUCT_NAME = "$(TARGET_NAME)";
			};
			name = Release;
		};
/* End XCBuildConfiguration section */

/* Begin XCConfigurationList section */
		2983240E1A9640E6009ADAA5 /* Build configuration list for PBXProject "File" */ = {
			isa = XCConfigurationList;
			buildConfigurations = (
				298324151A9640E6009ADAA5 /* Debug */,
				298324161A9640E6009ADAA5 /* Release */,
			);
			defaultConfigurationIsVisible = 0;
			defaultConfigurationName = Release;
		};
		298324171A9640E6009ADAA5 /* Build configuration list for PBXNativeTarget "File" */ = {
			isa = XCConfigurationList;
			buildConfigurations = (
				298324181A9640E6009ADAA5 /* Debug */,
				298324191A9640E6009ADAA5 /* Release */,
			);
			defaultConfigurationIsVisible = 0;
		};
/* End XCConfigurationList section */
	};
	rootObject = 2983240B1A9640E6009ADAA5 /* Project object */;
}
